// !$*UTF8*$!
{
	archiveVersion = 1;
	classes = {
	};
	objectVersion = 46;
	objects = {

/* Begin PBXBuildFile section */
		35EF59EB67C08DD9B9436809 /* Pods_TJPYingKe.framework in Frameworks */ = {isa = PBXBuildFile; fileRef = B2399D6919780BBCCE2B4188 /* Pods_TJPYingKe.framework */; };
		BC24A2A21E6A9BBF004D2748 /* TJPAttentionViewController.m in Sources */ = {isa = PBXBuildFile; fileRef = BC24A23C1E6A9BBF004D2748 /* TJPAttentionViewController.m */; };
		BC24A2A31E6A9BBF004D2748 /* TJPHomePageViewController.m in Sources */ = {isa = PBXBuildFile; fileRef = BC24A23E1E6A9BBF004D2748 /* TJPHomePageViewController.m */; };
		BC24A2A41E6A9BBF004D2748 /* TJPHotViewController.m in Sources */ = {isa = PBXBuildFile; fileRef = BC24A2401E6A9BBF004D2748 /* TJPHotViewController.m */; };
		BC24A2A51E6A9BBF004D2748 /* TJPNearByViewController.m in Sources */ = {isa = PBXBuildFile; fileRef = BC24A2421E6A9BBF004D2748 /* TJPNearByViewController.m */; };
		BC24A2A61E6A9BBF004D2748 /* TJPTalentViewController.m in Sources */ = {isa = PBXBuildFile; fileRef = BC24A2441E6A9BBF004D2748 /* TJPTalentViewController.m */; };
		BC24A2A71E6A9BBF004D2748 /* TJPWebViewController.m in Sources */ = {isa = PBXBuildFile; fileRef = BC24A2461E6A9BBF004D2748 /* TJPWebViewController.m */; };
		BC24A2A81E6A9BBF004D2748 /* TJPBannerItem.m in Sources */ = {isa = PBXBuildFile; fileRef = BC24A2491E6A9BBF004D2748 /* TJPBannerItem.m */; };
		BC24A2A91E6A9BBF004D2748 /* TJPCreatorItem.m in Sources */ = {isa = PBXBuildFile; fileRef = BC24A24B1E6A9BBF004D2748 /* TJPCreatorItem.m */; };
		BC24A2AA1E6A9BBF004D2748 /* TJPHotLiveItem.m in Sources */ = {isa = PBXBuildFile; fileRef = BC24A24D1E6A9BBF004D2748 /* TJPHotLiveItem.m */; };
		BC24A2AB1E6A9BBF004D2748 /* TJPNavigationTagItem.m in Sources */ = {isa = PBXBuildFile; fileRef = BC24A24F1E6A9BBF004D2748 /* TJPNavigationTagItem.m */; };
		BC24A2AC1E6A9BBF004D2748 /* TJPHotLiveItemCell.m in Sources */ = {isa = PBXBuildFile; fileRef = BC24A2521E6A9BBF004D2748 /* TJPHotLiveItemCell.m */; };
		BC24A2AD1E6A9BBF004D2748 /* TJPHotLiveItemCell.xib in Resources */ = {isa = PBXBuildFile; fileRef = BC24A2531E6A9BBF004D2748 /* TJPHotLiveItemCell.xib */; };
		BC24A2AE1E6A9BBF004D2748 /* TJPRequestDataTool.m in Sources */ = {isa = PBXBuildFile; fileRef = BC24A2561E6A9BBF004D2748 /* TJPRequestDataTool.m */; };
		BC24A2AF1E6A9BBF004D2748 /* TJPLivingRoomController.m in Sources */ = {isa = PBXBuildFile; fileRef = BC24A25A1E6A9BBF004D2748 /* TJPLivingRoomController.m */; };
		BC24A2B01E6A9BBF004D2748 /* TJPLiveRoomTopUserItem.m in Sources */ = {isa = PBXBuildFile; fileRef = BC24A25D1E6A9BBF004D2748 /* TJPLiveRoomTopUserItem.m */; };
		BC24A2B11E6A9BBF004D2748 /* DMHeartFlyView.m in Sources */ = {isa = PBXBuildFile; fileRef = BC24A2601E6A9BBF004D2748 /* DMHeartFlyView.m */; };
		BC24A2B21E6A9BBF004D2748 /* TJPLiveRoomFlowLayout.m in Sources */ = {isa = PBXBuildFile; fileRef = BC24A2621E6A9BBF004D2748 /* TJPLiveRoomFlowLayout.m */; };
		BC24A2B31E6A9BBF004D2748 /* TJPLivingRoomBottomView.m in Sources */ = {isa = PBXBuildFile; fileRef = BC24A2641E6A9BBF004D2748 /* TJPLivingRoomBottomView.m */; };
		BC24A2B41E6A9BBF004D2748 /* TJPLivingRoomBottomView.xib in Resources */ = {isa = PBXBuildFile; fileRef = BC24A2651E6A9BBF004D2748 /* TJPLivingRoomBottomView.xib */; };
		BC24A2B51E6A9BBF004D2748 /* TJPLivingRoomCell.m in Sources */ = {isa = PBXBuildFile; fileRef = BC24A2671E6A9BBF004D2748 /* TJPLivingRoomCell.m */; };
		BC24A2B61E6A9BBF004D2748 /* TJPLivingRoomTopView.m in Sources */ = {isa = PBXBuildFile; fileRef = BC24A2691E6A9BBF004D2748 /* TJPLivingRoomTopView.m */; };
		BC24A2B71E6A9BBF004D2748 /* TJPUserView.m in Sources */ = {isa = PBXBuildFile; fileRef = BC24A26B1E6A9BBF004D2748 /* TJPUserView.m */; };
		BC24A2B81E6A9BBF004D2748 /* TJPUserView.xib in Resources */ = {isa = PBXBuildFile; fileRef = BC24A26C1E6A9BBF004D2748 /* TJPUserView.xib */; };
		BC24A2B91E6A9BBF004D2748 /* TJPNavigationController.m in Sources */ = {isa = PBXBuildFile; fileRef = BC24A2701E6A9BBF004D2748 /* TJPNavigationController.m */; };
		BC24A2BA1E6A9BBF004D2748 /* TJPTabBarController.m in Sources */ = {isa = PBXBuildFile; fileRef = BC24A2721E6A9BBF004D2748 /* TJPTabBarController.m */; };
		BC24A2BB1E6A9BBF004D2748 /* TJPNavBar.m in Sources */ = {isa = PBXBuildFile; fileRef = BC24A2761E6A9BBF004D2748 /* TJPNavBar.m */; };
		BC24A2BC1E6A9BBF004D2748 /* TJPTabBar.m in Sources */ = {isa = PBXBuildFile; fileRef = BC24A2781E6A9BBF004D2748 /* TJPTabBar.m */; };
		BC24A2BD1E6A9BBF004D2748 /* TJPMineViewController.m in Sources */ = {isa = PBXBuildFile; fileRef = BC24A27C1E6A9BBF004D2748 /* TJPMineViewController.m */; };
		BC24A2BE1E6A9BBF004D2748 /* CALayer+PauseAimate.m in Sources */ = {isa = PBXBuildFile; fileRef = BC24A2821E6A9BBF004D2748 /* CALayer+PauseAimate.m */; };
		BC24A2BF1E6A9BBF004D2748 /* NSTimer+Addition.m in Sources */ = {isa = PBXBuildFile; fileRef = BC24A2841E6A9BBF004D2748 /* NSTimer+Addition.m */; };
		BC24A2C01E6A9BBF004D2748 /* UIBarButtonItem+TJPItem.m in Sources */ = {isa = PBXBuildFile; fileRef = BC24A2861E6A9BBF004D2748 /* UIBarButtonItem+TJPItem.m */; };
		BC24A2C11E6A9BBF004D2748 /* UIImage+ImageEffects.m in Sources */ = {isa = PBXBuildFile; fileRef = BC24A2881E6A9BBF004D2748 /* UIImage+ImageEffects.m */; };
		BC24A2C21E6A9BBF004D2748 /* UIImage+TJPImage.m in Sources */ = {isa = PBXBuildFile; fileRef = BC24A28A1E6A9BBF004D2748 /* UIImage+TJPImage.m */; };
		BC24A2C31E6A9BBF004D2748 /* UIImageView+TJPExtension.m in Sources */ = {isa = PBXBuildFile; fileRef = BC24A28C1E6A9BBF004D2748 /* UIImageView+TJPExtension.m */; };
		BC24A2C41E6A9BBF004D2748 /* UITabBarItem+XHExtension.m in Sources */ = {isa = PBXBuildFile; fileRef = BC24A28E1E6A9BBF004D2748 /* UITabBarItem+XHExtension.m */; };
		BC24A2C51E6A9BBF004D2748 /* UIView+TJPExtension.m in Sources */ = {isa = PBXBuildFile; fileRef = BC24A2901E6A9BBF004D2748 /* UIView+TJPExtension.m */; };
		BC24A2C61E6A9BBF004D2748 /* TJPCommonAPIConstant.m in Sources */ = {isa = PBXBuildFile; fileRef = BC24A2931E6A9BBF004D2748 /* TJPCommonAPIConstant.m */; };
		BC24A2C71E6A9BBF004D2748 /* TJPSessionManager.m in Sources */ = {isa = PBXBuildFile; fileRef = BC24A2951E6A9BBF004D2748 /* TJPSessionManager.m */; };
		BC24A2C81E6A9BBF004D2748 /* AppDelegate.m in Sources */ = {isa = PBXBuildFile; fileRef = BC24A2981E6A9BBF004D2748 /* AppDelegate.m */; };
		BC24A2C91E6A9BBF004D2748 /* Info.plist in Resources */ = {isa = PBXBuildFile; fileRef = BC24A2991E6A9BBF004D2748 /* Info.plist */; };
		BC24A2CA1E6A9BBF004D2748 /* main.m in Sources */ = {isa = PBXBuildFile; fileRef = BC24A29A1E6A9BBF004D2748 /* main.m */; };
		BC24A2CB1E6A9BBF004D2748 /* TJPRefreshGifHeader.m in Sources */ = {isa = PBXBuildFile; fileRef = BC24A29F1E6A9BBF004D2748 /* TJPRefreshGifHeader.m */; };
		BC24A2CC1E6A9BBF004D2748 /* TJPWebProgressLayer.m in Sources */ = {isa = PBXBuildFile; fileRef = BC24A2A11E6A9BBF004D2748 /* TJPWebProgressLayer.m */; };
		BC5D73CA1E7F76420057F006 /* TJPUserHelper.m in Sources */ = {isa = PBXBuildFile; fileRef = BC5D73C91E7F76420057F006 /* TJPUserHelper.m */; };
		BC5D73D21E7F7CBF0057F006 /* TJPLoginViewController.m in Sources */ = {isa = PBXBuildFile; fileRef = BC5D73D01E7F7CBF0057F006 /* TJPLoginViewController.m */; };
		BC5D73D31E7F7CBF0057F006 /* TJPLoginViewController.xib in Resources */ = {isa = PBXBuildFile; fileRef = BC5D73D11E7F7CBF0057F006 /* TJPLoginViewController.xib */; };
		BC5D73D71E7FCB090057F006 /* defaultAd.jpg in Resources */ = {isa = PBXBuildFile; fileRef = BC5D73D61E7FCB090057F006 /* defaultAd.jpg */; };
		BC5D73DA1E7FCC420057F006 /* TJPAdvertiseView.m in Sources */ = {isa = PBXBuildFile; fileRef = BC5D73D91E7FCC420057F006 /* TJPAdvertiseView.m */; };
		BC5D73DD1E7FEAEE0057F006 /* TJPCacheHelper.m in Sources */ = {isa = PBXBuildFile; fileRef = BC5D73DC1E7FEAEE0057F006 /* TJPCacheHelper.m */; };
		BC5FEBF01E6B386C00521534 /* TJPExtraItem.m in Sources */ = {isa = PBXBuildFile; fileRef = BC5FEBEF1E6B386C00521534 /* TJPExtraItem.m */; };
		BC6530DE1E80D3CF0022DF24 /* TJPAdvertiseModel.m in Sources */ = {isa = PBXBuildFile; fileRef = BC6530DD1E80D3CF0022DF24 /* TJPAdvertiseModel.m */; };
		BC6530E11E8116AF0022DF24 /* UIViewController+Loading.m in Sources */ = {isa = PBXBuildFile; fileRef = BC6530E01E8116AF0022DF24 /* UIViewController+Loading.m */; };
		BC9CD32B1E01427A00F16CCD /* AudioToolbox.framework in Frameworks */ = {isa = PBXBuildFile; fileRef = BC9CD32A1E01427A00F16CCD /* AudioToolbox.framework */; };
		BC9CD32D1E01428900F16CCD /* AVFoundation.framework in Frameworks */ = {isa = PBXBuildFile; fileRef = BC9CD32C1E01428900F16CCD /* AVFoundation.framework */; };
		BC9CD32F1E01429400F16CCD /* CoreMedia.framework in Frameworks */ = {isa = PBXBuildFile; fileRef = BC9CD32E1E01429400F16CCD /* CoreMedia.framework */; };
		BC9CD3311E01429F00F16CCD /* CoreVideo.framework in Frameworks */ = {isa = PBXBuildFile; fileRef = BC9CD3301E01429F00F16CCD /* CoreVideo.framework */; };
		BC9CD3331E0142AA00F16CCD /* libbz2.tbd in Frameworks */ = {isa = PBXBuildFile; fileRef = BC9CD3321E0142AA00F16CCD /* libbz2.tbd */; };
		BC9CD3351E0142B200F16CCD /* libz.tbd in Frameworks */ = {isa = PBXBuildFile; fileRef = BC9CD3341E0142B200F16CCD /* libz.tbd */; };
		BC9CD3371E0142BC00F16CCD /* MediaPlayer.framework in Frameworks */ = {isa = PBXBuildFile; fileRef = BC9CD3361E0142BC00F16CCD /* MediaPlayer.framework */; };
		BC9CD3391E0142CA00F16CCD /* MobileCoreServices.framework in Frameworks */ = {isa = PBXBuildFile; fileRef = BC9CD3381E0142CA00F16CCD /* MobileCoreServices.framework */; };
		BC9CD33B1E0142D600F16CCD /* OpenGLES.framework in Frameworks */ = {isa = PBXBuildFile; fileRef = BC9CD33A1E0142D600F16CCD /* OpenGLES.framework */; };
		BC9CD33D1E0142DF00F16CCD /* VideoToolbox.framework in Frameworks */ = {isa = PBXBuildFile; fileRef = BC9CD33C1E0142DF00F16CCD /* VideoToolbox.framework */; };
		BCCFD3111E7289FD000E968F /* TJPTagVIew.m in Sources */ = {isa = PBXBuildFile; fileRef = BCCFD3101E7289FD000E968F /* TJPTagVIew.m */; };
		BCE35BFD1DF6C28C00D9338E /* Assets.xcassets in Resources */ = {isa = PBXBuildFile; fileRef = BCE35BFC1DF6C28C00D9338E /* Assets.xcassets */; };
		BCE35C001DF6C28C00D9338E /* LaunchScreen.storyboard in Resources */ = {isa = PBXBuildFile; fileRef = BCE35BFE1DF6C28C00D9338E /* LaunchScreen.storyboard */; };
		BCE35C0B1DF6C28C00D9338E /* TJPYingKeTests.m in Sources */ = {isa = PBXBuildFile; fileRef = BCE35C0A1DF6C28C00D9338E /* TJPYingKeTests.m */; };
		BCE35C161DF6C28C00D9338E /* TJPYingKeUITests.m in Sources */ = {isa = PBXBuildFile; fileRef = BCE35C151DF6C28C00D9338E /* TJPYingKeUITests.m */; };
		BCE74B191E6D074100F31699 /* TJPLabelItem.m in Sources */ = {isa = PBXBuildFile; fileRef = BCE74B181E6D074100F31699 /* TJPLabelItem.m */; };
/* End PBXBuildFile section */

/* Begin PBXContainerItemProxy section */
		BCE35C071DF6C28C00D9338E /* PBXContainerItemProxy */ = {
			isa = PBXContainerItemProxy;
			containerPortal = BCE35BE51DF6C28C00D9338E /* Project object */;
			proxyType = 1;
			remoteGlobalIDString = BCE35BEC1DF6C28C00D9338E;
			remoteInfo = TJPYingKe;
		};
		BCE35C121DF6C28C00D9338E /* PBXContainerItemProxy */ = {
			isa = PBXContainerItemProxy;
			containerPortal = BCE35BE51DF6C28C00D9338E /* Project object */;
			proxyType = 1;
			remoteGlobalIDString = BCE35BEC1DF6C28C00D9338E;
			remoteInfo = TJPYingKe;
		};
/* End PBXContainerItemProxy section */

/* Begin PBXFileReference section */
		1BEB8D0A6793600FBD65281F /* Pods-TJPYingKe.release.xcconfig */ = {isa = PBXFileReference; includeInIndex = 1; lastKnownFileType = text.xcconfig; name = "Pods-TJPYingKe.release.xcconfig"; path = "Pods/Target Support Files/Pods-TJPYingKe/Pods-TJPYingKe.release.xcconfig"; sourceTree = "<group>"; };
		7870306BA7C0C7D7E3735CF9 /* Pods-TJPYingKe.debug.xcconfig */ = {isa = PBXFileReference; includeInIndex = 1; lastKnownFileType = text.xcconfig; name = "Pods-TJPYingKe.debug.xcconfig"; path = "Pods/Target Support Files/Pods-TJPYingKe/Pods-TJPYingKe.debug.xcconfig"; sourceTree = "<group>"; };
		B2399D6919780BBCCE2B4188 /* Pods_TJPYingKe.framework */ = {isa = PBXFileReference; explicitFileType = wrapper.framework; includeInIndex = 0; path = Pods_TJPYingKe.framework; sourceTree = BUILT_PRODUCTS_DIR; };
		BC24A23B1E6A9BBF004D2748 /* TJPAttentionViewController.h */ = {isa = PBXFileReference; fileEncoding = 4; lastKnownFileType = sourcecode.c.h; path = TJPAttentionViewController.h; sourceTree = "<group>"; };
		BC24A23C1E6A9BBF004D2748 /* TJPAttentionViewController.m */ = {isa = PBXFileReference; fileEncoding = 4; lastKnownFileType = sourcecode.c.objc; path = TJPAttentionViewController.m; sourceTree = "<group>"; };
		BC24A23D1E6A9BBF004D2748 /* TJPHomePageViewController.h */ = {isa = PBXFileReference; fileEncoding = 4; lastKnownFileType = sourcecode.c.h; path = TJPHomePageViewController.h; sourceTree = "<group>"; };
		BC24A23E1E6A9BBF004D2748 /* TJPHomePageViewController.m */ = {isa = PBXFileReference; fileEncoding = 4; lastKnownFileType = sourcecode.c.objc; path = TJPHomePageViewController.m; sourceTree = "<group>"; };
		BC24A23F1E6A9BBF004D2748 /* TJPHotViewController.h */ = {isa = PBXFileReference; fileEncoding = 4; lastKnownFileType = sourcecode.c.h; path = TJPHotViewController.h; sourceTree = "<group>"; };
		BC24A2401E6A9BBF004D2748 /* TJPHotViewController.m */ = {isa = PBXFileReference; fileEncoding = 4; lastKnownFileType = sourcecode.c.objc; path = TJPHotViewController.m; sourceTree = "<group>"; };
		BC24A2411E6A9BBF004D2748 /* TJPNearByViewController.h */ = {isa = PBXFileReference; fileEncoding = 4; lastKnownFileType = sourcecode.c.h; path = TJPNearByViewController.h; sourceTree = "<group>"; };
		BC24A2421E6A9BBF004D2748 /* TJPNearByViewController.m */ = {isa = PBXFileReference; fileEncoding = 4; lastKnownFileType = sourcecode.c.objc; path = TJPNearByViewController.m; sourceTree = "<group>"; };
		BC24A2431E6A9BBF004D2748 /* TJPTalentViewController.h */ = {isa = PBXFileReference; fileEncoding = 4; lastKnownFileType = sourcecode.c.h; path = TJPTalentViewController.h; sourceTree = "<group>"; };
		BC24A2441E6A9BBF004D2748 /* TJPTalentViewController.m */ = {isa = PBXFileReference; fileEncoding = 4; lastKnownFileType = sourcecode.c.objc; path = TJPTalentViewController.m; sourceTree = "<group>"; };
		BC24A2451E6A9BBF004D2748 /* TJPWebViewController.h */ = {isa = PBXFileReference; fileEncoding = 4; lastKnownFileType = sourcecode.c.h; path = TJPWebViewController.h; sourceTree = "<group>"; };
		BC24A2461E6A9BBF004D2748 /* TJPWebViewController.m */ = {isa = PBXFileReference; fileEncoding = 4; lastKnownFileType = sourcecode.c.objc; path = TJPWebViewController.m; sourceTree = "<group>"; };
		BC24A2481E6A9BBF004D2748 /* TJPBannerItem.h */ = {isa = PBXFileReference; fileEncoding = 4; lastKnownFileType = sourcecode.c.h; path = TJPBannerItem.h; sourceTree = "<group>"; };
		BC24A2491E6A9BBF004D2748 /* TJPBannerItem.m */ = {isa = PBXFileReference; fileEncoding = 4; lastKnownFileType = sourcecode.c.objc; path = TJPBannerItem.m; sourceTree = "<group>"; };
		BC24A24A1E6A9BBF004D2748 /* TJPCreatorItem.h */ = {isa = PBXFileReference; fileEncoding = 4; lastKnownFileType = sourcecode.c.h; path = TJPCreatorItem.h; sourceTree = "<group>"; };
		BC24A24B1E6A9BBF004D2748 /* TJPCreatorItem.m */ = {isa = PBXFileReference; fileEncoding = 4; lastKnownFileType = sourcecode.c.objc; path = TJPCreatorItem.m; sourceTree = "<group>"; };
		BC24A24C1E6A9BBF004D2748 /* TJPHotLiveItem.h */ = {isa = PBXFileReference; fileEncoding = 4; lastKnownFileType = sourcecode.c.h; path = TJPHotLiveItem.h; sourceTree = "<group>"; };
		BC24A24D1E6A9BBF004D2748 /* TJPHotLiveItem.m */ = {isa = PBXFileReference; fileEncoding = 4; lastKnownFileType = sourcecode.c.objc; path = TJPHotLiveItem.m; sourceTree = "<group>"; };
		BC24A24E1E6A9BBF004D2748 /* TJPNavigationTagItem.h */ = {isa = PBXFileReference; fileEncoding = 4; lastKnownFileType = sourcecode.c.h; path = TJPNavigationTagItem.h; sourceTree = "<group>"; };
		BC24A24F1E6A9BBF004D2748 /* TJPNavigationTagItem.m */ = {isa = PBXFileReference; fileEncoding = 4; lastKnownFileType = sourcecode.c.objc; path = TJPNavigationTagItem.m; sourceTree = "<group>"; };
		BC24A2511E6A9BBF004D2748 /* TJPHotLiveItemCell.h */ = {isa = PBXFileReference; fileEncoding = 4; lastKnownFileType = sourcecode.c.h; path = TJPHotLiveItemCell.h; sourceTree = "<group>"; };
		BC24A2521E6A9BBF004D2748 /* TJPHotLiveItemCell.m */ = {isa = PBXFileReference; fileEncoding = 4; lastKnownFileType = sourcecode.c.objc; path = TJPHotLiveItemCell.m; sourceTree = "<group>"; };
		BC24A2531E6A9BBF004D2748 /* TJPHotLiveItemCell.xib */ = {isa = PBXFileReference; fileEncoding = 4; lastKnownFileType = file.xib; path = TJPHotLiveItemCell.xib; sourceTree = "<group>"; };
		BC24A2551E6A9BBF004D2748 /* TJPRequestDataTool.h */ = {isa = PBXFileReference; fileEncoding = 4; lastKnownFileType = sourcecode.c.h; path = TJPRequestDataTool.h; sourceTree = "<group>"; };
		BC24A2561E6A9BBF004D2748 /* TJPRequestDataTool.m */ = {isa = PBXFileReference; fileEncoding = 4; lastKnownFileType = sourcecode.c.objc; path = TJPRequestDataTool.m; sourceTree = "<group>"; };
		BC24A2591E6A9BBF004D2748 /* TJPLivingRoomController.h */ = {isa = PBXFileReference; fileEncoding = 4; lastKnownFileType = sourcecode.c.h; path = TJPLivingRoomController.h; sourceTree = "<group>"; };
		BC24A25A1E6A9BBF004D2748 /* TJPLivingRoomController.m */ = {isa = PBXFileReference; fileEncoding = 4; lastKnownFileType = sourcecode.c.objc; path = TJPLivingRoomController.m; sourceTree = "<group>"; };
		BC24A25C1E6A9BBF004D2748 /* TJPLiveRoomTopUserItem.h */ = {isa = PBXFileReference; fileEncoding = 4; lastKnownFileType = sourcecode.c.h; path = TJPLiveRoomTopUserItem.h; sourceTree = "<group>"; };
		BC24A25D1E6A9BBF004D2748 /* TJPLiveRoomTopUserItem.m */ = {isa = PBXFileReference; fileEncoding = 4; lastKnownFileType = sourcecode.c.objc; path = TJPLiveRoomTopUserItem.m; sourceTree = "<group>"; };
		BC24A25F1E6A9BBF004D2748 /* DMHeartFlyView.h */ = {isa = PBXFileReference; fileEncoding = 4; lastKnownFileType = sourcecode.c.h; path = DMHeartFlyView.h; sourceTree = "<group>"; };
		BC24A2601E6A9BBF004D2748 /* DMHeartFlyView.m */ = {isa = PBXFileReference; fileEncoding = 4; lastKnownFileType = sourcecode.c.objc; path = DMHeartFlyView.m; sourceTree = "<group>"; };
		BC24A2611E6A9BBF004D2748 /* TJPLiveRoomFlowLayout.h */ = {isa = PBXFileReference; fileEncoding = 4; lastKnownFileType = sourcecode.c.h; path = TJPLiveRoomFlowLayout.h; sourceTree = "<group>"; };
		BC24A2621E6A9BBF004D2748 /* TJPLiveRoomFlowLayout.m */ = {isa = PBXFileReference; fileEncoding = 4; lastKnownFileType = sourcecode.c.objc; path = TJPLiveRoomFlowLayout.m; sourceTree = "<group>"; };
		BC24A2631E6A9BBF004D2748 /* TJPLivingRoomBottomView.h */ = {isa = PBXFileReference; fileEncoding = 4; lastKnownFileType = sourcecode.c.h; path = TJPLivingRoomBottomView.h; sourceTree = "<group>"; };
		BC24A2641E6A9BBF004D2748 /* TJPLivingRoomBottomView.m */ = {isa = PBXFileReference; fileEncoding = 4; lastKnownFileType = sourcecode.c.objc; path = TJPLivingRoomBottomView.m; sourceTree = "<group>"; };
		BC24A2651E6A9BBF004D2748 /* TJPLivingRoomBottomView.xib */ = {isa = PBXFileReference; fileEncoding = 4; lastKnownFileType = file.xib; path = TJPLivingRoomBottomView.xib; sourceTree = "<group>"; };
		BC24A2661E6A9BBF004D2748 /* TJPLivingRoomCell.h */ = {isa = PBXFileReference; fileEncoding = 4; lastKnownFileType = sourcecode.c.h; path = TJPLivingRoomCell.h; sourceTree = "<group>"; };
		BC24A2671E6A9BBF004D2748 /* TJPLivingRoomCell.m */ = {isa = PBXFileReference; fileEncoding = 4; lastKnownFileType = sourcecode.c.objc; path = TJPLivingRoomCell.m; sourceTree = "<group>"; };
		BC24A2681E6A9BBF004D2748 /* TJPLivingRoomTopView.h */ = {isa = PBXFileReference; fileEncoding = 4; lastKnownFileType = sourcecode.c.h; path = TJPLivingRoomTopView.h; sourceTree = "<group>"; };
		BC24A2691E6A9BBF004D2748 /* TJPLivingRoomTopView.m */ = {isa = PBXFileReference; fileEncoding = 4; lastKnownFileType = sourcecode.c.objc; path = TJPLivingRoomTopView.m; sourceTree = "<group>"; };
		BC24A26A1E6A9BBF004D2748 /* TJPUserView.h */ = {isa = PBXFileReference; fileEncoding = 4; lastKnownFileType = sourcecode.c.h; path = TJPUserView.h; sourceTree = "<group>"; };
		BC24A26B1E6A9BBF004D2748 /* TJPUserView.m */ = {isa = PBXFileReference; fileEncoding = 4; lastKnownFileType = sourcecode.c.objc; path = TJPUserView.m; sourceTree = "<group>"; };
		BC24A26C1E6A9BBF004D2748 /* TJPUserView.xib */ = {isa = PBXFileReference; fileEncoding = 4; lastKnownFileType = file.xib; path = TJPUserView.xib; sourceTree = "<group>"; };
		BC24A26F1E6A9BBF004D2748 /* TJPNavigationController.h */ = {isa = PBXFileReference; fileEncoding = 4; lastKnownFileType = sourcecode.c.h; path = TJPNavigationController.h; sourceTree = "<group>"; };
		BC24A2701E6A9BBF004D2748 /* TJPNavigationController.m */ = {isa = PBXFileReference; fileEncoding = 4; lastKnownFileType = sourcecode.c.objc; path = TJPNavigationController.m; sourceTree = "<group>"; };
		BC24A2711E6A9BBF004D2748 /* TJPTabBarController.h */ = {isa = PBXFileReference; fileEncoding = 4; lastKnownFileType = sourcecode.c.h; path = TJPTabBarController.h; sourceTree = "<group>"; };
		BC24A2721E6A9BBF004D2748 /* TJPTabBarController.m */ = {isa = PBXFileReference; fileEncoding = 4; lastKnownFileType = sourcecode.c.objc; path = TJPTabBarController.m; sourceTree = "<group>"; };
		BC24A2751E6A9BBF004D2748 /* TJPNavBar.h */ = {isa = PBXFileReference; fileEncoding = 4; lastKnownFileType = sourcecode.c.h; path = TJPNavBar.h; sourceTree = "<group>"; };
		BC24A2761E6A9BBF004D2748 /* TJPNavBar.m */ = {isa = PBXFileReference; fileEncoding = 4; lastKnownFileType = sourcecode.c.objc; path = TJPNavBar.m; sourceTree = "<group>"; };
		BC24A2771E6A9BBF004D2748 /* TJPTabBar.h */ = {isa = PBXFileReference; fileEncoding = 4; lastKnownFileType = sourcecode.c.h; path = TJPTabBar.h; sourceTree = "<group>"; };
		BC24A2781E6A9BBF004D2748 /* TJPTabBar.m */ = {isa = PBXFileReference; fileEncoding = 4; lastKnownFileType = sourcecode.c.objc; path = TJPTabBar.m; sourceTree = "<group>"; };
		BC24A27B1E6A9BBF004D2748 /* TJPMineViewController.h */ = {isa = PBXFileReference; fileEncoding = 4; lastKnownFileType = sourcecode.c.h; path = TJPMineViewController.h; sourceTree = "<group>"; };
		BC24A27C1E6A9BBF004D2748 /* TJPMineViewController.m */ = {isa = PBXFileReference; fileEncoding = 4; lastKnownFileType = sourcecode.c.objc; path = TJPMineViewController.m; sourceTree = "<group>"; };
		BC24A2811E6A9BBF004D2748 /* CALayer+PauseAimate.h */ = {isa = PBXFileReference; fileEncoding = 4; lastKnownFileType = sourcecode.c.h; path = "CALayer+PauseAimate.h"; sourceTree = "<group>"; };
		BC24A2821E6A9BBF004D2748 /* CALayer+PauseAimate.m */ = {isa = PBXFileReference; fileEncoding = 4; lastKnownFileType = sourcecode.c.objc; path = "CALayer+PauseAimate.m"; sourceTree = "<group>"; };
		BC24A2831E6A9BBF004D2748 /* NSTimer+Addition.h */ = {isa = PBXFileReference; fileEncoding = 4; lastKnownFileType = sourcecode.c.h; path = "NSTimer+Addition.h"; sourceTree = "<group>"; };
		BC24A2841E6A9BBF004D2748 /* NSTimer+Addition.m */ = {isa = PBXFileReference; fileEncoding = 4; lastKnownFileType = sourcecode.c.objc; path = "NSTimer+Addition.m"; sourceTree = "<group>"; };
		BC24A2851E6A9BBF004D2748 /* UIBarButtonItem+TJPItem.h */ = {isa = PBXFileReference; fileEncoding = 4; lastKnownFileType = sourcecode.c.h; path = "UIBarButtonItem+TJPItem.h"; sourceTree = "<group>"; };
		BC24A2861E6A9BBF004D2748 /* UIBarButtonItem+TJPItem.m */ = {isa = PBXFileReference; fileEncoding = 4; lastKnownFileType = sourcecode.c.objc; path = "UIBarButtonItem+TJPItem.m"; sourceTree = "<group>"; };
		BC24A2871E6A9BBF004D2748 /* UIImage+ImageEffects.h */ = {isa = PBXFileReference; fileEncoding = 4; lastKnownFileType = sourcecode.c.h; path = "UIImage+ImageEffects.h"; sourceTree = "<group>"; };
		BC24A2881E6A9BBF004D2748 /* UIImage+ImageEffects.m */ = {isa = PBXFileReference; fileEncoding = 4; lastKnownFileType = sourcecode.c.objc; path = "UIImage+ImageEffects.m"; sourceTree = "<group>"; };
		BC24A2891E6A9BBF004D2748 /* UIImage+TJPImage.h */ = {isa = PBXFileReference; fileEncoding = 4; lastKnownFileType = sourcecode.c.h; path = "UIImage+TJPImage.h"; sourceTree = "<group>"; };
		BC24A28A1E6A9BBF004D2748 /* UIImage+TJPImage.m */ = {isa = PBXFileReference; fileEncoding = 4; lastKnownFileType = sourcecode.c.objc; path = "UIImage+TJPImage.m"; sourceTree = "<group>"; };
		BC24A28B1E6A9BBF004D2748 /* UIImageView+TJPExtension.h */ = {isa = PBXFileReference; fileEncoding = 4; lastKnownFileType = sourcecode.c.h; path = "UIImageView+TJPExtension.h"; sourceTree = "<group>"; };
		BC24A28C1E6A9BBF004D2748 /* UIImageView+TJPExtension.m */ = {isa = PBXFileReference; fileEncoding = 4; lastKnownFileType = sourcecode.c.objc; path = "UIImageView+TJPExtension.m"; sourceTree = "<group>"; };
		BC24A28D1E6A9BBF004D2748 /* UITabBarItem+XHExtension.h */ = {isa = PBXFileReference; fileEncoding = 4; lastKnownFileType = sourcecode.c.h; path = "UITabBarItem+XHExtension.h"; sourceTree = "<group>"; };
		BC24A28E1E6A9BBF004D2748 /* UITabBarItem+XHExtension.m */ = {isa = PBXFileReference; fileEncoding = 4; lastKnownFileType = sourcecode.c.objc; path = "UITabBarItem+XHExtension.m"; sourceTree = "<group>"; };
		BC24A28F1E6A9BBF004D2748 /* UIView+TJPExtension.h */ = {isa = PBXFileReference; fileEncoding = 4; lastKnownFileType = sourcecode.c.h; path = "UIView+TJPExtension.h"; sourceTree = "<group>"; };
		BC24A2901E6A9BBF004D2748 /* UIView+TJPExtension.m */ = {isa = PBXFileReference; fileEncoding = 4; lastKnownFileType = sourcecode.c.objc; path = "UIView+TJPExtension.m"; sourceTree = "<group>"; };
		BC24A2921E6A9BBF004D2748 /* TJPCommonAPIConstant.h */ = {isa = PBXFileReference; fileEncoding = 4; lastKnownFileType = sourcecode.c.h; path = TJPCommonAPIConstant.h; sourceTree = "<group>"; };
		BC24A2931E6A9BBF004D2748 /* TJPCommonAPIConstant.m */ = {isa = PBXFileReference; fileEncoding = 4; lastKnownFileType = sourcecode.c.objc; path = TJPCommonAPIConstant.m; sourceTree = "<group>"; };
		BC24A2941E6A9BBF004D2748 /* TJPSessionManager.h */ = {isa = PBXFileReference; fileEncoding = 4; lastKnownFileType = sourcecode.c.h; path = TJPSessionManager.h; sourceTree = "<group>"; };
		BC24A2951E6A9BBF004D2748 /* TJPSessionManager.m */ = {isa = PBXFileReference; fileEncoding = 4; lastKnownFileType = sourcecode.c.objc; path = TJPSessionManager.m; sourceTree = "<group>"; };
		BC24A2971E6A9BBF004D2748 /* AppDelegate.h */ = {isa = PBXFileReference; fileEncoding = 4; lastKnownFileType = sourcecode.c.h; path = AppDelegate.h; sourceTree = "<group>"; };
		BC24A2981E6A9BBF004D2748 /* AppDelegate.m */ = {isa = PBXFileReference; fileEncoding = 4; lastKnownFileType = sourcecode.c.objc; path = AppDelegate.m; sourceTree = "<group>"; };
		BC24A2991E6A9BBF004D2748 /* Info.plist */ = {isa = PBXFileReference; fileEncoding = 4; lastKnownFileType = text.plist.xml; path = Info.plist; sourceTree = "<group>"; };
		BC24A29A1E6A9BBF004D2748 /* main.m */ = {isa = PBXFileReference; fileEncoding = 4; lastKnownFileType = sourcecode.c.objc; path = main.m; sourceTree = "<group>"; };
		BC24A29B1E6A9BBF004D2748 /* PrefixHeader.pch */ = {isa = PBXFileReference; fileEncoding = 4; lastKnownFileType = sourcecode.c.h; path = PrefixHeader.pch; sourceTree = "<group>"; };
		BC24A29C1E6A9BBF004D2748 /* PublicHeader.h */ = {isa = PBXFileReference; fileEncoding = 4; lastKnownFileType = sourcecode.c.h; path = PublicHeader.h; sourceTree = "<group>"; };
		BC24A29E1E6A9BBF004D2748 /* TJPRefreshGifHeader.h */ = {isa = PBXFileReference; fileEncoding = 4; lastKnownFileType = sourcecode.c.h; path = TJPRefreshGifHeader.h; sourceTree = "<group>"; };
		BC24A29F1E6A9BBF004D2748 /* TJPRefreshGifHeader.m */ = {isa = PBXFileReference; fileEncoding = 4; lastKnownFileType = sourcecode.c.objc; path = TJPRefreshGifHeader.m; sourceTree = "<group>"; };
		BC24A2A01E6A9BBF004D2748 /* TJPWebProgressLayer.h */ = {isa = PBXFileReference; fileEncoding = 4; lastKnownFileType = sourcecode.c.h; path = TJPWebProgressLayer.h; sourceTree = "<group>"; };
		BC24A2A11E6A9BBF004D2748 /* TJPWebProgressLayer.m */ = {isa = PBXFileReference; fileEncoding = 4; lastKnownFileType = sourcecode.c.objc; path = TJPWebProgressLayer.m; sourceTree = "<group>"; };
		BC5D73C81E7F76420057F006 /* TJPUserHelper.h */ = {isa = PBXFileReference; fileEncoding = 4; lastKnownFileType = sourcecode.c.h; path = TJPUserHelper.h; sourceTree = "<group>"; };
		BC5D73C91E7F76420057F006 /* TJPUserHelper.m */ = {isa = PBXFileReference; fileEncoding = 4; lastKnownFileType = sourcecode.c.objc; path = TJPUserHelper.m; sourceTree = "<group>"; };
		BC5D73CF1E7F7CBF0057F006 /* TJPLoginViewController.h */ = {isa = PBXFileReference; fileEncoding = 4; lastKnownFileType = sourcecode.c.h; path = TJPLoginViewController.h; sourceTree = "<group>"; };
		BC5D73D01E7F7CBF0057F006 /* TJPLoginViewController.m */ = {isa = PBXFileReference; fileEncoding = 4; lastKnownFileType = sourcecode.c.objc; path = TJPLoginViewController.m; sourceTree = "<group>"; };
		BC5D73D11E7F7CBF0057F006 /* TJPLoginViewController.xib */ = {isa = PBXFileReference; fileEncoding = 4; lastKnownFileType = file.xib; path = TJPLoginViewController.xib; sourceTree = "<group>"; };
		BC5D73D61E7FCB090057F006 /* defaultAd.jpg */ = {isa = PBXFileReference; lastKnownFileType = image.jpeg; path = defaultAd.jpg; sourceTree = "<group>"; };
		BC5D73D81E7FCC420057F006 /* TJPAdvertiseView.h */ = {isa = PBXFileReference; fileEncoding = 4; lastKnownFileType = sourcecode.c.h; path = TJPAdvertiseView.h; sourceTree = "<group>"; };
		BC5D73D91E7FCC420057F006 /* TJPAdvertiseView.m */ = {isa = PBXFileReference; fileEncoding = 4; lastKnownFileType = sourcecode.c.objc; path = TJPAdvertiseView.m; sourceTree = "<group>"; };
		BC5D73DB1E7FEAEE0057F006 /* TJPCacheHelper.h */ = {isa = PBXFileReference; fileEncoding = 4; lastKnownFileType = sourcecode.c.h; path = TJPCacheHelper.h; sourceTree = "<group>"; };
		BC5D73DC1E7FEAEE0057F006 /* TJPCacheHelper.m */ = {isa = PBXFileReference; fileEncoding = 4; lastKnownFileType = sourcecode.c.objc; path = TJPCacheHelper.m; sourceTree = "<group>"; };
		BC5FEBEE1E6B386C00521534 /* TJPExtraItem.h */ = {isa = PBXFileReference; fileEncoding = 4; lastKnownFileType = sourcecode.c.h; path = TJPExtraItem.h; sourceTree = "<group>"; };
		BC5FEBEF1E6B386C00521534 /* TJPExtraItem.m */ = {isa = PBXFileReference; fileEncoding = 4; lastKnownFileType = sourcecode.c.objc; path = TJPExtraItem.m; sourceTree = "<group>"; };
		BC6530DC1E80D3CF0022DF24 /* TJPAdvertiseModel.h */ = {isa = PBXFileReference; fileEncoding = 4; lastKnownFileType = sourcecode.c.h; path = TJPAdvertiseModel.h; sourceTree = "<group>"; };
		BC6530DD1E80D3CF0022DF24 /* TJPAdvertiseModel.m */ = {isa = PBXFileReference; fileEncoding = 4; lastKnownFileType = sourcecode.c.objc; path = TJPAdvertiseModel.m; sourceTree = "<group>"; };
		BC6530DF1E8116AF0022DF24 /* UIViewController+Loading.h */ = {isa = PBXFileReference; fileEncoding = 4; lastKnownFileType = sourcecode.c.h; path = "UIViewController+Loading.h"; sourceTree = "<group>"; };
		BC6530E01E8116AF0022DF24 /* UIViewController+Loading.m */ = {isa = PBXFileReference; fileEncoding = 4; lastKnownFileType = sourcecode.c.objc; path = "UIViewController+Loading.m"; sourceTree = "<group>"; };
		BC9CD32A1E01427A00F16CCD /* AudioToolbox.framework */ = {isa = PBXFileReference; lastKnownFileType = wrapper.framework; name = AudioToolbox.framework; path = System/Library/Frameworks/AudioToolbox.framework; sourceTree = SDKROOT; };
		BC9CD32C1E01428900F16CCD /* AVFoundation.framework */ = {isa = PBXFileReference; lastKnownFileType = wrapper.framework; name = AVFoundation.framework; path = System/Library/Frameworks/AVFoundation.framework; sourceTree = SDKROOT; };
		BC9CD32E1E01429400F16CCD /* CoreMedia.framework */ = {isa = PBXFileReference; lastKnownFileType = wrapper.framework; name = CoreMedia.framework; path = System/Library/Frameworks/CoreMedia.framework; sourceTree = SDKROOT; };
		BC9CD3301E01429F00F16CCD /* CoreVideo.framework */ = {isa = PBXFileReference; lastKnownFileType = wrapper.framework; name = CoreVideo.framework; path = System/Library/Frameworks/CoreVideo.framework; sourceTree = SDKROOT; };
		BC9CD3321E0142AA00F16CCD /* libbz2.tbd */ = {isa = PBXFileReference; lastKnownFileType = "sourcecode.text-based-dylib-definition"; name = libbz2.tbd; path = usr/lib/libbz2.tbd; sourceTree = SDKROOT; };
		BC9CD3341E0142B200F16CCD /* libz.tbd */ = {isa = PBXFileReference; lastKnownFileType = "sourcecode.text-based-dylib-definition"; name = libz.tbd; path = usr/lib/libz.tbd; sourceTree = SDKROOT; };
		BC9CD3361E0142BC00F16CCD /* MediaPlayer.framework */ = {isa = PBXFileReference; lastKnownFileType = wrapper.framework; name = MediaPlayer.framework; path = System/Library/Frameworks/MediaPlayer.framework; sourceTree = SDKROOT; };
		BC9CD3381E0142CA00F16CCD /* MobileCoreServices.framework */ = {isa = PBXFileReference; lastKnownFileType = wrapper.framework; name = MobileCoreServices.framework; path = System/Library/Frameworks/MobileCoreServices.framework; sourceTree = SDKROOT; };
		BC9CD33A1E0142D600F16CCD /* OpenGLES.framework */ = {isa = PBXFileReference; lastKnownFileType = wrapper.framework; name = OpenGLES.framework; path = System/Library/Frameworks/OpenGLES.framework; sourceTree = SDKROOT; };
		BC9CD33C1E0142DF00F16CCD /* VideoToolbox.framework */ = {isa = PBXFileReference; lastKnownFileType = wrapper.framework; name = VideoToolbox.framework; path = System/Library/Frameworks/VideoToolbox.framework; sourceTree = SDKROOT; };
		BCCFD30F1E7289FD000E968F /* TJPTagVIew.h */ = {isa = PBXFileReference; fileEncoding = 4; lastKnownFileType = sourcecode.c.h; path = TJPTagVIew.h; sourceTree = "<group>"; };
		BCCFD3101E7289FD000E968F /* TJPTagVIew.m */ = {isa = PBXFileReference; fileEncoding = 4; lastKnownFileType = sourcecode.c.objc; path = TJPTagVIew.m; sourceTree = "<group>"; };
		BCE35BED1DF6C28C00D9338E /* TJPYingKe.app */ = {isa = PBXFileReference; explicitFileType = wrapper.application; includeInIndex = 0; path = TJPYingKe.app; sourceTree = BUILT_PRODUCTS_DIR; };
		BCE35BF11DF6C28C00D9338E /* main.m */ = {isa = PBXFileReference; lastKnownFileType = sourcecode.c.objc; path = main.m; sourceTree = "<group>"; };
		BCE35BFC1DF6C28C00D9338E /* Assets.xcassets */ = {isa = PBXFileReference; lastKnownFileType = folder.assetcatalog; path = Assets.xcassets; sourceTree = "<group>"; };
		BCE35BFF1DF6C28C00D9338E /* Base */ = {isa = PBXFileReference; lastKnownFileType = file.storyboard; name = Base; path = Base.lproj/LaunchScreen.storyboard; sourceTree = "<group>"; };
		BCE35C061DF6C28C00D9338E /* TJPYingKeTests.xctest */ = {isa = PBXFileReference; explicitFileType = wrapper.cfbundle; includeInIndex = 0; path = TJPYingKeTests.xctest; sourceTree = BUILT_PRODUCTS_DIR; };
		BCE35C0A1DF6C28C00D9338E /* TJPYingKeTests.m */ = {isa = PBXFileReference; lastKnownFileType = sourcecode.c.objc; path = TJPYingKeTests.m; sourceTree = "<group>"; };
		BCE35C0C1DF6C28C00D9338E /* Info.plist */ = {isa = PBXFileReference; lastKnownFileType = text.plist.xml; path = Info.plist; sourceTree = "<group>"; };
		BCE35C111DF6C28C00D9338E /* TJPYingKeUITests.xctest */ = {isa = PBXFileReference; explicitFileType = wrapper.cfbundle; includeInIndex = 0; path = TJPYingKeUITests.xctest; sourceTree = BUILT_PRODUCTS_DIR; };
		BCE35C151DF6C28C00D9338E /* TJPYingKeUITests.m */ = {isa = PBXFileReference; lastKnownFileType = sourcecode.c.objc; path = TJPYingKeUITests.m; sourceTree = "<group>"; };
		BCE35C171DF6C28C00D9338E /* Info.plist */ = {isa = PBXFileReference; lastKnownFileType = text.plist.xml; path = Info.plist; sourceTree = "<group>"; };
		BCE74B171E6D074100F31699 /* TJPLabelItem.h */ = {isa = PBXFileReference; fileEncoding = 4; lastKnownFileType = sourcecode.c.h; path = TJPLabelItem.h; sourceTree = "<group>"; };
		BCE74B181E6D074100F31699 /* TJPLabelItem.m */ = {isa = PBXFileReference; fileEncoding = 4; lastKnownFileType = sourcecode.c.objc; path = TJPLabelItem.m; sourceTree = "<group>"; };
/* End PBXFileReference section */

/* Begin PBXFrameworksBuildPhase section */
		BCE35BEA1DF6C28C00D9338E /* Frameworks */ = {
			isa = PBXFrameworksBuildPhase;
			buildActionMask = 2147483647;
			files = (
				BC9CD33D1E0142DF00F16CCD /* VideoToolbox.framework in Frameworks */,
				BC9CD33B1E0142D600F16CCD /* OpenGLES.framework in Frameworks */,
				BC9CD3391E0142CA00F16CCD /* MobileCoreServices.framework in Frameworks */,
				BC9CD3371E0142BC00F16CCD /* MediaPlayer.framework in Frameworks */,
				BC9CD3351E0142B200F16CCD /* libz.tbd in Frameworks */,
				BC9CD3331E0142AA00F16CCD /* libbz2.tbd in Frameworks */,
				BC9CD3311E01429F00F16CCD /* CoreVideo.framework in Frameworks */,
				BC9CD32F1E01429400F16CCD /* CoreMedia.framework in Frameworks */,
				BC9CD32D1E01428900F16CCD /* AVFoundation.framework in Frameworks */,
				BC9CD32B1E01427A00F16CCD /* AudioToolbox.framework in Frameworks */,
				35EF59EB67C08DD9B9436809 /* Pods_TJPYingKe.framework in Frameworks */,
			);
			runOnlyForDeploymentPostprocessing = 0;
		};
		BCE35C031DF6C28C00D9338E /* Frameworks */ = {
			isa = PBXFrameworksBuildPhase;
			buildActionMask = 2147483647;
			files = (
			);
			runOnlyForDeploymentPostprocessing = 0;
		};
		BCE35C0E1DF6C28C00D9338E /* Frameworks */ = {
			isa = PBXFrameworksBuildPhase;
			buildActionMask = 2147483647;
			files = (
			);
			runOnlyForDeploymentPostprocessing = 0;
		};
/* End PBXFrameworksBuildPhase section */

/* Begin PBXGroup section */
		3301655D2126D92536A925EA /* Pods */ = {
			isa = PBXGroup;
			children = (
				7870306BA7C0C7D7E3735CF9 /* Pods-TJPYingKe.debug.xcconfig */,
				1BEB8D0A6793600FBD65281F /* Pods-TJPYingKe.release.xcconfig */,
			);
			name = Pods;
			sourceTree = "<group>";
		};
		8334713A250D8425CEF28F79 /* Frameworks */ = {
			isa = PBXGroup;
			children = (
				BC9CD33C1E0142DF00F16CCD /* VideoToolbox.framework */,
				BC9CD33A1E0142D600F16CCD /* OpenGLES.framework */,
				BC9CD3381E0142CA00F16CCD /* MobileCoreServices.framework */,
				BC9CD3361E0142BC00F16CCD /* MediaPlayer.framework */,
				BC9CD3341E0142B200F16CCD /* libz.tbd */,
				BC9CD3321E0142AA00F16CCD /* libbz2.tbd */,
				BC9CD3301E01429F00F16CCD /* CoreVideo.framework */,
				BC9CD32E1E01429400F16CCD /* CoreMedia.framework */,
				BC9CD32C1E01428900F16CCD /* AVFoundation.framework */,
				BC9CD32A1E01427A00F16CCD /* AudioToolbox.framework */,
				B2399D6919780BBCCE2B4188 /* Pods_TJPYingKe.framework */,
			);
			name = Frameworks;
			sourceTree = "<group>";
		};
		BC24A2371E6A9BBF004D2748 /* Classes */ = {
			isa = PBXGroup;
			children = (
				BC24A26D1E6A9BBF004D2748 /* Main */,
				BC24A2391E6A9BBF004D2748 /* HomePage */,
				BC24A2571E6A9BBF004D2748 /* Living */,
				BC24A2791E6A9BBF004D2748 /* Mine */,
				BC5D73CB1E7F799B0057F006 /* Login */,
				BC24A27F1E6A9BBF004D2748 /* Other */,
			);
			path = Classes;
			sourceTree = "<group>";
		};
		BC24A2391E6A9BBF004D2748 /* HomePage */ = {
			isa = PBXGroup;
			children = (
				BC24A2541E6A9BBF004D2748 /* DataTool */,
				BC24A23A1E6A9BBF004D2748 /* Controller */,
				BC24A2471E6A9BBF004D2748 /* Model */,
				BC24A2501E6A9BBF004D2748 /* VIew */,
			);
			path = HomePage;
			sourceTree = "<group>";
		};
		BC24A23A1E6A9BBF004D2748 /* Controller */ = {
			isa = PBXGroup;
			children = (
				BC24A23D1E6A9BBF004D2748 /* TJPHomePageViewController.h */,
				BC24A23E1E6A9BBF004D2748 /* TJPHomePageViewController.m */,
				BC24A23B1E6A9BBF004D2748 /* TJPAttentionViewController.h */,
				BC24A23C1E6A9BBF004D2748 /* TJPAttentionViewController.m */,
				BC24A23F1E6A9BBF004D2748 /* TJPHotViewController.h */,
				BC24A2401E6A9BBF004D2748 /* TJPHotViewController.m */,
				BC24A2411E6A9BBF004D2748 /* TJPNearByViewController.h */,
				BC24A2421E6A9BBF004D2748 /* TJPNearByViewController.m */,
				BC24A2431E6A9BBF004D2748 /* TJPTalentViewController.h */,
				BC24A2441E6A9BBF004D2748 /* TJPTalentViewController.m */,
				BC24A2451E6A9BBF004D2748 /* TJPWebViewController.h */,
				BC24A2461E6A9BBF004D2748 /* TJPWebViewController.m */,
			);
			path = Controller;
			sourceTree = "<group>";
		};
		BC24A2471E6A9BBF004D2748 /* Model */ = {
			isa = PBXGroup;
			children = (
				BC24A2481E6A9BBF004D2748 /* TJPBannerItem.h */,
				BC24A2491E6A9BBF004D2748 /* TJPBannerItem.m */,
				BC24A24A1E6A9BBF004D2748 /* TJPCreatorItem.h */,
				BC24A24B1E6A9BBF004D2748 /* TJPCreatorItem.m */,
				BC24A24C1E6A9BBF004D2748 /* TJPHotLiveItem.h */,
				BC24A24D1E6A9BBF004D2748 /* TJPHotLiveItem.m */,
				BC5FEBEE1E6B386C00521534 /* TJPExtraItem.h */,
				BC5FEBEF1E6B386C00521534 /* TJPExtraItem.m */,
				BCE74B171E6D074100F31699 /* TJPLabelItem.h */,
				BCE74B181E6D074100F31699 /* TJPLabelItem.m */,
				BC24A24E1E6A9BBF004D2748 /* TJPNavigationTagItem.h */,
				BC24A24F1E6A9BBF004D2748 /* TJPNavigationTagItem.m */,
			);
			path = Model;
			sourceTree = "<group>";
		};
		BC24A2501E6A9BBF004D2748 /* VIew */ = {
			isa = PBXGroup;
			children = (
				BC24A2511E6A9BBF004D2748 /* TJPHotLiveItemCell.h */,
				BC24A2521E6A9BBF004D2748 /* TJPHotLiveItemCell.m */,
				BC24A2531E6A9BBF004D2748 /* TJPHotLiveItemCell.xib */,
				BCCFD30F1E7289FD000E968F /* TJPTagVIew.h */,
				BCCFD3101E7289FD000E968F /* TJPTagVIew.m */,
			);
			path = VIew;
			sourceTree = "<group>";
		};
		BC24A2541E6A9BBF004D2748 /* DataTool */ = {
			isa = PBXGroup;
			children = (
				BC24A2551E6A9BBF004D2748 /* TJPRequestDataTool.h */,
				BC24A2561E6A9BBF004D2748 /* TJPRequestDataTool.m */,
			);
			name = DataTool;
			path = ViewModel;
			sourceTree = "<group>";
		};
		BC24A2571E6A9BBF004D2748 /* Living */ = {
			isa = PBXGroup;
			children = (
				BC24A2581E6A9BBF004D2748 /* Controller */,
				BC24A25B1E6A9BBF004D2748 /* Model */,
				BC24A25E1E6A9BBF004D2748 /* VIew */,
			);
			path = Living;
			sourceTree = "<group>";
		};
		BC24A2581E6A9BBF004D2748 /* Controller */ = {
			isa = PBXGroup;
			children = (
				BC24A2591E6A9BBF004D2748 /* TJPLivingRoomController.h */,
				BC24A25A1E6A9BBF004D2748 /* TJPLivingRoomController.m */,
			);
			path = Controller;
			sourceTree = "<group>";
		};
		BC24A25B1E6A9BBF004D2748 /* Model */ = {
			isa = PBXGroup;
			children = (
				BC24A25C1E6A9BBF004D2748 /* TJPLiveRoomTopUserItem.h */,
				BC24A25D1E6A9BBF004D2748 /* TJPLiveRoomTopUserItem.m */,
			);
			path = Model;
			sourceTree = "<group>";
		};
		BC24A25E1E6A9BBF004D2748 /* VIew */ = {
			isa = PBXGroup;
			children = (
				BC24A25F1E6A9BBF004D2748 /* DMHeartFlyView.h */,
				BC24A2601E6A9BBF004D2748 /* DMHeartFlyView.m */,
				BC24A2611E6A9BBF004D2748 /* TJPLiveRoomFlowLayout.h */,
				BC24A2621E6A9BBF004D2748 /* TJPLiveRoomFlowLayout.m */,
				BC24A2631E6A9BBF004D2748 /* TJPLivingRoomBottomView.h */,
				BC24A2641E6A9BBF004D2748 /* TJPLivingRoomBottomView.m */,
				BC24A2651E6A9BBF004D2748 /* TJPLivingRoomBottomView.xib */,
				BC24A2661E6A9BBF004D2748 /* TJPLivingRoomCell.h */,
				BC24A2671E6A9BBF004D2748 /* TJPLivingRoomCell.m */,
				BC24A2681E6A9BBF004D2748 /* TJPLivingRoomTopView.h */,
				BC24A2691E6A9BBF004D2748 /* TJPLivingRoomTopView.m */,
				BC24A26A1E6A9BBF004D2748 /* TJPUserView.h */,
				BC24A26B1E6A9BBF004D2748 /* TJPUserView.m */,
				BC24A26C1E6A9BBF004D2748 /* TJPUserView.xib */,
			);
			path = VIew;
			sourceTree = "<group>";
		};
		BC24A26D1E6A9BBF004D2748 /* Main */ = {
			isa = PBXGroup;
			children = (
				BC24A26E1E6A9BBF004D2748 /* Controller */,
				BC24A2731E6A9BBF004D2748 /* Model */,
				BC24A2741E6A9BBF004D2748 /* VIew */,
			);
			path = Main;
			sourceTree = "<group>";
		};
		BC24A26E1E6A9BBF004D2748 /* Controller */ = {
			isa = PBXGroup;
			children = (
				BC24A26F1E6A9BBF004D2748 /* TJPNavigationController.h */,
				BC24A2701E6A9BBF004D2748 /* TJPNavigationController.m */,
				BC24A2711E6A9BBF004D2748 /* TJPTabBarController.h */,
				BC24A2721E6A9BBF004D2748 /* TJPTabBarController.m */,
			);
			path = Controller;
			sourceTree = "<group>";
		};
		BC24A2731E6A9BBF004D2748 /* Model */ = {
			isa = PBXGroup;
			children = (
			);
			path = Model;
			sourceTree = "<group>";
		};
		BC24A2741E6A9BBF004D2748 /* VIew */ = {
			isa = PBXGroup;
			children = (
				BC24A2751E6A9BBF004D2748 /* TJPNavBar.h */,
				BC24A2761E6A9BBF004D2748 /* TJPNavBar.m */,
				BC24A2771E6A9BBF004D2748 /* TJPTabBar.h */,
				BC24A2781E6A9BBF004D2748 /* TJPTabBar.m */,
			);
			path = VIew;
			sourceTree = "<group>";
		};
		BC24A2791E6A9BBF004D2748 /* Mine */ = {
			isa = PBXGroup;
			children = (
				BC24A27A1E6A9BBF004D2748 /* Controller */,
				BC24A27D1E6A9BBF004D2748 /* Model */,
				BC24A27E1E6A9BBF004D2748 /* VIew */,
			);
			path = Mine;
			sourceTree = "<group>";
		};
		BC24A27A1E6A9BBF004D2748 /* Controller */ = {
			isa = PBXGroup;
			children = (
				BC24A27B1E6A9BBF004D2748 /* TJPMineViewController.h */,
				BC24A27C1E6A9BBF004D2748 /* TJPMineViewController.m */,
			);
			path = Controller;
			sourceTree = "<group>";
		};
		BC24A27D1E6A9BBF004D2748 /* Model */ = {
			isa = PBXGroup;
			children = (
			);
			path = Model;
			sourceTree = "<group>";
		};
		BC24A27E1E6A9BBF004D2748 /* VIew */ = {
			isa = PBXGroup;
			children = (
			);
			path = VIew;
			sourceTree = "<group>";
		};
		BC24A27F1E6A9BBF004D2748 /* Other */ = {
			isa = PBXGroup;
			children = (
				BC24A2801E6A9BBF004D2748 /* Category */,
				BC24A2911E6A9BBF004D2748 /* Network */,
				BC24A2961E6A9BBF004D2748 /* System */,
				BC24A29D1E6A9BBF004D2748 /* Tool */,
			);
			path = Other;
			sourceTree = "<group>";
		};
		BC24A2801E6A9BBF004D2748 /* Category */ = {
			isa = PBXGroup;
			children = (
				BC6530DF1E8116AF0022DF24 /* UIViewController+Loading.h */,
				BC6530E01E8116AF0022DF24 /* UIViewController+Loading.m */,
				BC24A2811E6A9BBF004D2748 /* CALayer+PauseAimate.h */,
				BC24A2821E6A9BBF004D2748 /* CALayer+PauseAimate.m */,
				BC24A2831E6A9BBF004D2748 /* NSTimer+Addition.h */,
				BC24A2841E6A9BBF004D2748 /* NSTimer+Addition.m */,
				BC24A2851E6A9BBF004D2748 /* UIBarButtonItem+TJPItem.h */,
				BC24A2861E6A9BBF004D2748 /* UIBarButtonItem+TJPItem.m */,
				BC24A2871E6A9BBF004D2748 /* UIImage+ImageEffects.h */,
				BC24A2881E6A9BBF004D2748 /* UIImage+ImageEffects.m */,
				BC24A2891E6A9BBF004D2748 /* UIImage+TJPImage.h */,
				BC24A28A1E6A9BBF004D2748 /* UIImage+TJPImage.m */,
				BC24A28B1E6A9BBF004D2748 /* UIImageView+TJPExtension.h */,
				BC24A28C1E6A9BBF004D2748 /* UIImageView+TJPExtension.m */,
				BC24A28D1E6A9BBF004D2748 /* UITabBarItem+XHExtension.h */,
				BC24A28E1E6A9BBF004D2748 /* UITabBarItem+XHExtension.m */,
				BC24A28F1E6A9BBF004D2748 /* UIView+TJPExtension.h */,
				BC24A2901E6A9BBF004D2748 /* UIView+TJPExtension.m */,
			);
			path = Category;
			sourceTree = "<group>";
		};
		BC24A2911E6A9BBF004D2748 /* Network */ = {
			isa = PBXGroup;
			children = (
				BC24A2921E6A9BBF004D2748 /* TJPCommonAPIConstant.h */,
				BC24A2931E6A9BBF004D2748 /* TJPCommonAPIConstant.m */,
				BC24A2941E6A9BBF004D2748 /* TJPSessionManager.h */,
				BC24A2951E6A9BBF004D2748 /* TJPSessionManager.m */,
			);
			path = Network;
			sourceTree = "<group>";
		};
		BC24A2961E6A9BBF004D2748 /* System */ = {
			isa = PBXGroup;
			children = (
				BC24A2971E6A9BBF004D2748 /* AppDelegate.h */,
				BC24A2981E6A9BBF004D2748 /* AppDelegate.m */,
				BC24A2991E6A9BBF004D2748 /* Info.plist */,
				BC24A29A1E6A9BBF004D2748 /* main.m */,
				BC24A29B1E6A9BBF004D2748 /* PrefixHeader.pch */,
				BC24A29C1E6A9BBF004D2748 /* PublicHeader.h */,
			);
			path = System;
			sourceTree = "<group>";
		};
		BC24A29D1E6A9BBF004D2748 /* Tool */ = {
			isa = PBXGroup;
			children = (
				BC24A29E1E6A9BBF004D2748 /* TJPRefreshGifHeader.h */,
				BC24A29F1E6A9BBF004D2748 /* TJPRefreshGifHeader.m */,
				BC24A2A01E6A9BBF004D2748 /* TJPWebProgressLayer.h */,
				BC24A2A11E6A9BBF004D2748 /* TJPWebProgressLayer.m */,
				BC5D73C81E7F76420057F006 /* TJPUserHelper.h */,
				BC5D73C91E7F76420057F006 /* TJPUserHelper.m */,
				BC5D73DB1E7FEAEE0057F006 /* TJPCacheHelper.h */,
				BC5D73DC1E7FEAEE0057F006 /* TJPCacheHelper.m */,
			);
			path = Tool;
			sourceTree = "<group>";
		};
		BC5D73CB1E7F799B0057F006 /* Login */ = {
			isa = PBXGroup;
			children = (
				BC5D73CC1E7F799B0057F006 /* Controller */,
				BC5D73CD1E7F799B0057F006 /* Model */,
				BC5D73CE1E7F799B0057F006 /* View */,
			);
			path = Login;
			sourceTree = "<group>";
		};
		BC5D73CC1E7F799B0057F006 /* Controller */ = {
			isa = PBXGroup;
			children = (
				BC5D73CF1E7F7CBF0057F006 /* TJPLoginViewController.h */,
				BC5D73D01E7F7CBF0057F006 /* TJPLoginViewController.m */,
				BC5D73D11E7F7CBF0057F006 /* TJPLoginViewController.xib */,
			);
			path = Controller;
			sourceTree = "<group>";
		};
		BC5D73CD1E7F799B0057F006 /* Model */ = {
			isa = PBXGroup;
			children = (
				BC6530DC1E80D3CF0022DF24 /* TJPAdvertiseModel.h */,
				BC6530DD1E80D3CF0022DF24 /* TJPAdvertiseModel.m */,
			);
			path = Model;
			sourceTree = "<group>";
		};
		BC5D73CE1E7F799B0057F006 /* View */ = {
			isa = PBXGroup;
			children = (
				BC5D73D81E7FCC420057F006 /* TJPAdvertiseView.h */,
				BC5D73D91E7FCC420057F006 /* TJPAdvertiseView.m */,
			);
			path = View;
			sourceTree = "<group>";
		};
		BC5D73D41E7FCAE50057F006 /* BaseClasses */ = {
			isa = PBXGroup;
			children = (
				BC5D73D51E7FCAE50057F006 /* Image */,
			);
			path = BaseClasses;
			sourceTree = "<group>";
		};
		BC5D73D51E7FCAE50057F006 /* Image */ = {
			isa = PBXGroup;
			children = (
				BC5D73D61E7FCB090057F006 /* defaultAd.jpg */,
			);
			path = Image;
			sourceTree = "<group>";
		};
		BCE35BE41DF6C28C00D9338E = {
			isa = PBXGroup;
			children = (
				BCE35BEF1DF6C28C00D9338E /* TJPYingKe */,
				BCE35C091DF6C28C00D9338E /* TJPYingKeTests */,
				BCE35C141DF6C28C00D9338E /* TJPYingKeUITests */,
				BCE35BEE1DF6C28C00D9338E /* Products */,
				3301655D2126D92536A925EA /* Pods */,
				8334713A250D8425CEF28F79 /* Frameworks */,
			);
			sourceTree = "<group>";
		};
		BCE35BEE1DF6C28C00D9338E /* Products */ = {
			isa = PBXGroup;
			children = (
				BCE35BED1DF6C28C00D9338E /* TJPYingKe.app */,
				BCE35C061DF6C28C00D9338E /* TJPYingKeTests.xctest */,
				BCE35C111DF6C28C00D9338E /* TJPYingKeUITests.xctest */,
			);
			name = Products;
			sourceTree = "<group>";
		};
		BCE35BEF1DF6C28C00D9338E /* TJPYingKe */ = {
			isa = PBXGroup;
			children = (
				BC24A2371E6A9BBF004D2748 /* Classes */,
				BC5D73D41E7FCAE50057F006 /* BaseClasses */,
				BCE35C391DF6C81B00D9338E /* Resource */,
				BCE35BF01DF6C28C00D9338E /* Supporting Files */,
			);
			path = TJPYingKe;
			sourceTree = "<group>";
		};
		BCE35BF01DF6C28C00D9338E /* Supporting Files */ = {
			isa = PBXGroup;
			children = (
				BCE35BF11DF6C28C00D9338E /* main.m */,
			);
			name = "Supporting Files";
			sourceTree = "<group>";
		};
		BCE35C091DF6C28C00D9338E /* TJPYingKeTests */ = {
			isa = PBXGroup;
			children = (
				BCE35C0A1DF6C28C00D9338E /* TJPYingKeTests.m */,
				BCE35C0C1DF6C28C00D9338E /* Info.plist */,
			);
			path = TJPYingKeTests;
			sourceTree = "<group>";
		};
		BCE35C141DF6C28C00D9338E /* TJPYingKeUITests */ = {
			isa = PBXGroup;
			children = (
				BCE35C151DF6C28C00D9338E /* TJPYingKeUITests.m */,
				BCE35C171DF6C28C00D9338E /* Info.plist */,
			);
			path = TJPYingKeUITests;
			sourceTree = "<group>";
		};
		BCE35C391DF6C81B00D9338E /* Resource */ = {
			isa = PBXGroup;
			children = (
				BCE35BFC1DF6C28C00D9338E /* Assets.xcassets */,
				BCE35BFE1DF6C28C00D9338E /* LaunchScreen.storyboard */,
			);
			name = Resource;
			sourceTree = "<group>";
		};
/* End PBXGroup section */

/* Begin PBXNativeTarget section */
		BCE35BEC1DF6C28C00D9338E /* TJPYingKe */ = {
			isa = PBXNativeTarget;
			buildConfigurationList = BCE35C1A1DF6C28C00D9338E /* Build configuration list for PBXNativeTarget "TJPYingKe" */;
			buildPhases = (
				71A81931B279E34EA247BC01 /* [CP] Check Pods Manifest.lock */,
				BCE35BE91DF6C28C00D9338E /* Sources */,
				BCE35BEA1DF6C28C00D9338E /* Frameworks */,
				BCE35BEB1DF6C28C00D9338E /* Resources */,
				254E1B82F8E08FA0B6045E03 /* [CP] Embed Pods Frameworks */,
				5433CF4911CA35C582491581 /* [CP] Copy Pods Resources */,
			);
			buildRules = (
			);
			dependencies = (
			);
			name = TJPYingKe;
			productName = TJPYingKe;
			productReference = BCE35BED1DF6C28C00D9338E /* TJPYingKe.app */;
			productType = "com.apple.product-type.application";
		};
		BCE35C051DF6C28C00D9338E /* TJPYingKeTests */ = {
			isa = PBXNativeTarget;
			buildConfigurationList = BCE35C1D1DF6C28C00D9338E /* Build configuration list for PBXNativeTarget "TJPYingKeTests" */;
			buildPhases = (
				BCE35C021DF6C28C00D9338E /* Sources */,
				BCE35C031DF6C28C00D9338E /* Frameworks */,
				BCE35C041DF6C28C00D9338E /* Resources */,
			);
			buildRules = (
			);
			dependencies = (
				BCE35C081DF6C28C00D9338E /* PBXTargetDependency */,
			);
			name = TJPYingKeTests;
			productName = TJPYingKeTests;
			productReference = BCE35C061DF6C28C00D9338E /* TJPYingKeTests.xctest */;
			productType = "com.apple.product-type.bundle.unit-test";
		};
		BCE35C101DF6C28C00D9338E /* TJPYingKeUITests */ = {
			isa = PBXNativeTarget;
			buildConfigurationList = BCE35C201DF6C28C00D9338E /* Build configuration list for PBXNativeTarget "TJPYingKeUITests" */;
			buildPhases = (
				BCE35C0D1DF6C28C00D9338E /* Sources */,
				BCE35C0E1DF6C28C00D9338E /* Frameworks */,
				BCE35C0F1DF6C28C00D9338E /* Resources */,
			);
			buildRules = (
			);
			dependencies = (
				BCE35C131DF6C28C00D9338E /* PBXTargetDependency */,
			);
			name = TJPYingKeUITests;
			productName = TJPYingKeUITests;
			productReference = BCE35C111DF6C28C00D9338E /* TJPYingKeUITests.xctest */;
			productType = "com.apple.product-type.bundle.ui-testing";
		};
/* End PBXNativeTarget section */

/* Begin PBXProject section */
		BCE35BE51DF6C28C00D9338E /* Project object */ = {
			isa = PBXProject;
			attributes = {
				CLASSPREFIX = TJP;
				LastUpgradeCheck = 0810;
				ORGANIZATIONNAME = AaronTang;
				TargetAttributes = {
					BCE35BEC1DF6C28C00D9338E = {
						CreatedOnToolsVersion = 8.1;
						DevelopmentTeam = NCWZ4MQF27;
						ProvisioningStyle = Automatic;
					};
					BCE35C051DF6C28C00D9338E = {
						CreatedOnToolsVersion = 8.1;
						ProvisioningStyle = Automatic;
						TestTargetID = BCE35BEC1DF6C28C00D9338E;
					};
					BCE35C101DF6C28C00D9338E = {
						CreatedOnToolsVersion = 8.1;
						ProvisioningStyle = Automatic;
						TestTargetID = BCE35BEC1DF6C28C00D9338E;
					};
				};
			};
			buildConfigurationList = BCE35BE81DF6C28C00D9338E /* Build configuration list for PBXProject "TJPYingKe" */;
			compatibilityVersion = "Xcode 3.2";
			developmentRegion = English;
			hasScannedForEncodings = 0;
			knownRegions = (
				en,
				Base,
			);
			mainGroup = BCE35BE41DF6C28C00D9338E;
			productRefGroup = BCE35BEE1DF6C28C00D9338E /* Products */;
			projectDirPath = "";
			projectRoot = "";
			targets = (
				BCE35BEC1DF6C28C00D9338E /* TJPYingKe */,
				BCE35C051DF6C28C00D9338E /* TJPYingKeTests */,
				BCE35C101DF6C28C00D9338E /* TJPYingKeUITests */,
			);
		};
/* End PBXProject section */

/* Begin PBXResourcesBuildPhase section */
		BCE35BEB1DF6C28C00D9338E /* Resources */ = {
			isa = PBXResourcesBuildPhase;
			buildActionMask = 2147483647;
			files = (
				BC24A2B41E6A9BBF004D2748 /* TJPLivingRoomBottomView.xib in Resources */,
				BCE35C001DF6C28C00D9338E /* LaunchScreen.storyboard in Resources */,
				BC5D73D31E7F7CBF0057F006 /* TJPLoginViewController.xib in Resources */,
				BC24A2C91E6A9BBF004D2748 /* Info.plist in Resources */,
				BC24A2B81E6A9BBF004D2748 /* TJPUserView.xib in Resources */,
				BC24A2AD1E6A9BBF004D2748 /* TJPHotLiveItemCell.xib in Resources */,
				BC5D73D71E7FCB090057F006 /* defaultAd.jpg in Resources */,
				BCE35BFD1DF6C28C00D9338E /* Assets.xcassets in Resources */,
			);
			runOnlyForDeploymentPostprocessing = 0;
		};
		BCE35C041DF6C28C00D9338E /* Resources */ = {
			isa = PBXResourcesBuildPhase;
			buildActionMask = 2147483647;
			files = (
			);
			runOnlyForDeploymentPostprocessing = 0;
		};
		BCE35C0F1DF6C28C00D9338E /* Resources */ = {
			isa = PBXResourcesBuildPhase;
			buildActionMask = 2147483647;
			files = (
			);
			runOnlyForDeploymentPostprocessing = 0;
		};
/* End PBXResourcesBuildPhase section */

/* Begin PBXShellScriptBuildPhase section */
		254E1B82F8E08FA0B6045E03 /* [CP] Embed Pods Frameworks */ = {
			isa = PBXShellScriptBuildPhase;
			buildActionMask = 2147483647;
			files = (
			);
			inputPaths = (
			);
			name = "[CP] Embed Pods Frameworks";
			outputPaths = (
			);
			runOnlyForDeploymentPostprocessing = 0;
			shellPath = /bin/sh;
			shellScript = "\"${SRCROOT}/Pods/Target Support Files/Pods-TJPYingKe/Pods-TJPYingKe-frameworks.sh\"\n";
			showEnvVarsInLog = 0;
		};
		5433CF4911CA35C582491581 /* [CP] Copy Pods Resources */ = {
			isa = PBXShellScriptBuildPhase;
			buildActionMask = 2147483647;
			files = (
			);
			inputPaths = (
			);
			name = "[CP] Copy Pods Resources";
			outputPaths = (
			);
			runOnlyForDeploymentPostprocessing = 0;
			shellPath = /bin/sh;
			shellScript = "\"${SRCROOT}/Pods/Target Support Files/Pods-TJPYingKe/Pods-TJPYingKe-resources.sh\"\n";
			showEnvVarsInLog = 0;
		};
		71A81931B279E34EA247BC01 /* [CP] Check Pods Manifest.lock */ = {
			isa = PBXShellScriptBuildPhase;
			buildActionMask = 2147483647;
			files = (
			);
			inputPaths = (
			);
			name = "[CP] Check Pods Manifest.lock";
			outputPaths = (
			);
			runOnlyForDeploymentPostprocessing = 0;
			shellPath = /bin/sh;
			shellScript = "diff \"${PODS_ROOT}/../Podfile.lock\" \"${PODS_ROOT}/Manifest.lock\" > /dev/null\nif [ $? != 0 ] ; then\n    # print error to STDERR\n    echo \"error: The sandbox is not in sync with the Podfile.lock. Run 'pod install' or update your CocoaPods installation.\" >&2\n    exit 1\nfi\n";
			showEnvVarsInLog = 0;
		};
/* End PBXShellScriptBuildPhase section */

/* Begin PBXSourcesBuildPhase section */
		BCE35BE91DF6C28C00D9338E /* Sources */ = {
			isa = PBXSourcesBuildPhase;
			buildActionMask = 2147483647;
			files = (
				BC24A2AB1E6A9BBF004D2748 /* TJPNavigationTagItem.m in Sources */,
				BC24A2AA1E6A9BBF004D2748 /* TJPHotLiveItem.m in Sources */,
				BC24A2AE1E6A9BBF004D2748 /* TJPRequestDataTool.m in Sources */,
				BC24A2B91E6A9BBF004D2748 /* TJPNavigationController.m in Sources */,
				BC24A2B21E6A9BBF004D2748 /* TJPLiveRoomFlowLayout.m in Sources */,
				BC24A2BE1E6A9BBF004D2748 /* CALayer+PauseAimate.m in Sources */,
				BC24A2C01E6A9BBF004D2748 /* UIBarButtonItem+TJPItem.m in Sources */,
				BC24A2B01E6A9BBF004D2748 /* TJPLiveRoomTopUserItem.m in Sources */,
				BC24A2BB1E6A9BBF004D2748 /* TJPNavBar.m in Sources */,
				BC5D73DD1E7FEAEE0057F006 /* TJPCacheHelper.m in Sources */,
				BC24A2A91E6A9BBF004D2748 /* TJPCreatorItem.m in Sources */,
				BC6530E11E8116AF0022DF24 /* UIViewController+Loading.m in Sources */,
				BC24A2AF1E6A9BBF004D2748 /* TJPLivingRoomController.m in Sources */,
				BC24A2C71E6A9BBF004D2748 /* TJPSessionManager.m in Sources */,
				BC5D73DA1E7FCC420057F006 /* TJPAdvertiseView.m in Sources */,
				BCCFD3111E7289FD000E968F /* TJPTagVIew.m in Sources */,
				BC24A2AC1E6A9BBF004D2748 /* TJPHotLiveItemCell.m in Sources */,
				BC24A2B51E6A9BBF004D2748 /* TJPLivingRoomCell.m in Sources */,
				BC24A2C31E6A9BBF004D2748 /* UIImageView+TJPExtension.m in Sources */,
				BC24A2C61E6A9BBF004D2748 /* TJPCommonAPIConstant.m in Sources */,
				BCE74B191E6D074100F31699 /* TJPLabelItem.m in Sources */,
				BC24A2BF1E6A9BBF004D2748 /* NSTimer+Addition.m in Sources */,
				BC24A2CC1E6A9BBF004D2748 /* TJPWebProgressLayer.m in Sources */,
				BC24A2C51E6A9BBF004D2748 /* UIView+TJPExtension.m in Sources */,
				BC5D73CA1E7F76420057F006 /* TJPUserHelper.m in Sources */,
				BC24A2C21E6A9BBF004D2748 /* UIImage+TJPImage.m in Sources */,
				BC24A2C11E6A9BBF004D2748 /* UIImage+ImageEffects.m in Sources */,
				BC24A2CA1E6A9BBF004D2748 /* main.m in Sources */,
				BC24A2C81E6A9BBF004D2748 /* AppDelegate.m in Sources */,
				BC24A2BD1E6A9BBF004D2748 /* TJPMineViewController.m in Sources */,
				BC24A2A81E6A9BBF004D2748 /* TJPBannerItem.m in Sources */,
				BC24A2A71E6A9BBF004D2748 /* TJPWebViewController.m in Sources */,
				BC5D73D21E7F7CBF0057F006 /* TJPLoginViewController.m in Sources */,
				BC5FEBF01E6B386C00521534 /* TJPExtraItem.m in Sources */,
				BC24A2BA1E6A9BBF004D2748 /* TJPTabBarController.m in Sources */,
				BC24A2A41E6A9BBF004D2748 /* TJPHotViewController.m in Sources */,
				BC24A2C41E6A9BBF004D2748 /* UITabBarItem+XHExtension.m in Sources */,
				BC24A2B71E6A9BBF004D2748 /* TJPUserView.m in Sources */,
				BC24A2BC1E6A9BBF004D2748 /* TJPTabBar.m in Sources */,
				BC24A2B61E6A9BBF004D2748 /* TJPLivingRoomTopView.m in Sources */,
				BC24A2A21E6A9BBF004D2748 /* TJPAttentionViewController.m in Sources */,
				BC24A2A51E6A9BBF004D2748 /* TJPNearByViewController.m in Sources */,
				BC6530DE1E80D3CF0022DF24 /* TJPAdvertiseModel.m in Sources */,
				BC24A2A31E6A9BBF004D2748 /* TJPHomePageViewController.m in Sources */,
				BC24A2A61E6A9BBF004D2748 /* TJPTalentViewController.m in Sources */,
				BC24A2B11E6A9BBF004D2748 /* DMHeartFlyView.m in Sources */,
				BC24A2CB1E6A9BBF004D2748 /* TJPRefreshGifHeader.m in Sources */,
				BC24A2B31E6A9BBF004D2748 /* TJPLivingRoomBottomView.m in Sources */,
			);
			runOnlyForDeploymentPostprocessing = 0;
		};
		BCE35C021DF6C28C00D9338E /* Sources */ = {
			isa = PBXSourcesBuildPhase;
			buildActionMask = 2147483647;
			files = (
				BCE35C0B1DF6C28C00D9338E /* TJPYingKeTests.m in Sources */,
			);
			runOnlyForDeploymentPostprocessing = 0;
		};
		BCE35C0D1DF6C28C00D9338E /* Sources */ = {
			isa = PBXSourcesBuildPhase;
			buildActionMask = 2147483647;
			files = (
				BCE35C161DF6C28C00D9338E /* TJPYingKeUITests.m in Sources */,
			);
			runOnlyForDeploymentPostprocessing = 0;
		};
/* End PBXSourcesBuildPhase section */

/* Begin PBXTargetDependency section */
		BCE35C081DF6C28C00D9338E /* PBXTargetDependency */ = {
			isa = PBXTargetDependency;
			target = BCE35BEC1DF6C28C00D9338E /* TJPYingKe */;
			targetProxy = BCE35C071DF6C28C00D9338E /* PBXContainerItemProxy */;
		};
		BCE35C131DF6C28C00D9338E /* PBXTargetDependency */ = {
			isa = PBXTargetDependency;
			target = BCE35BEC1DF6C28C00D9338E /* TJPYingKe */;
			targetProxy = BCE35C121DF6C28C00D9338E /* PBXContainerItemProxy */;
		};
/* End PBXTargetDependency section */

/* Begin PBXVariantGroup section */
		BCE35BFE1DF6C28C00D9338E /* LaunchScreen.storyboard */ = {
			isa = PBXVariantGroup;
			children = (
				BCE35BFF1DF6C28C00D9338E /* Base */,
			);
			name = LaunchScreen.storyboard;
			sourceTree = "<group>";
		};
/* End PBXVariantGroup section */

/* Begin XCBuildConfiguration section */
		BCE35C181DF6C28C00D9338E /* Debug */ = {
			isa = XCBuildConfiguration;
			buildSettings = {
				ALWAYS_SEARCH_USER_PATHS = NO;
				CLANG_ANALYZER_NONNULL = YES;
				CLANG_CXX_LANGUAGE_STANDARD = "gnu++0x";
				CLANG_CXX_LIBRARY = "libc++";
				CLANG_ENABLE_MODULES = YES;
				CLANG_ENABLE_OBJC_ARC = YES;
				CLANG_WARN_BOOL_CONVERSION = YES;
				CLANG_WARN_CONSTANT_CONVERSION = YES;
				CLANG_WARN_DIRECT_OBJC_ISA_USAGE = YES_ERROR;
				CLANG_WARN_DOCUMENTATION_COMMENTS = YES;
				CLANG_WARN_EMPTY_BODY = YES;
				CLANG_WARN_ENUM_CONVERSION = YES;
				CLANG_WARN_INFINITE_RECURSION = YES;
				CLANG_WARN_INT_CONVERSION = YES;
				CLANG_WARN_OBJC_ROOT_CLASS = YES_ERROR;
				CLANG_WARN_SUSPICIOUS_MOVES = YES;
				CLANG_WARN_UNREACHABLE_CODE = YES;
				CLANG_WARN__DUPLICATE_METHOD_MATCH = YES;
				"CODE_SIGN_IDENTITY[sdk=iphoneos*]" = "iPhone Developer";
				COPY_PHASE_STRIP = NO;
				DEBUG_INFORMATION_FORMAT = dwarf;
				ENABLE_STRICT_OBJC_MSGSEND = YES;
				ENABLE_TESTABILITY = YES;
				GCC_C_LANGUAGE_STANDARD = gnu99;
				GCC_DYNAMIC_NO_PIC = NO;
				GCC_NO_COMMON_BLOCKS = YES;
				GCC_OPTIMIZATION_LEVEL = 0;
				GCC_PREPROCESSOR_DEFINITIONS = (
					"DEBUG=1",
					"$(inherited)",
				);
				GCC_WARN_64_TO_32_BIT_CONVERSION = YES;
				GCC_WARN_ABOUT_RETURN_TYPE = YES_ERROR;
				GCC_WARN_UNDECLARED_SELECTOR = YES;
				GCC_WARN_UNINITIALIZED_AUTOS = YES_AGGRESSIVE;
				GCC_WARN_UNUSED_FUNCTION = YES;
				GCC_WARN_UNUSED_VARIABLE = YES;
				IPHONEOS_DEPLOYMENT_TARGET = 8.1;
				MTL_ENABLE_DEBUG_INFO = YES;
				ONLY_ACTIVE_ARCH = YES;
				SDKROOT = iphoneos;
			};
			name = Debug;
		};
		BCE35C191DF6C28C00D9338E /* Release */ = {
			isa = XCBuildConfiguration;
			buildSettings = {
				ALWAYS_SEARCH_USER_PATHS = NO;
				CLANG_ANALYZER_NONNULL = YES;
				CLANG_CXX_LANGUAGE_STANDARD = "gnu++0x";
				CLANG_CXX_LIBRARY = "libc++";
				CLANG_ENABLE_MODULES = YES;
				CLANG_ENABLE_OBJC_ARC = YES;
				CLANG_WARN_BOOL_CONVERSION = YES;
				CLANG_WARN_CONSTANT_CONVERSION = YES;
				CLANG_WARN_DIRECT_OBJC_ISA_USAGE = YES_ERROR;
				CLANG_WARN_DOCUMENTATION_COMMENTS = YES;
				CLANG_WARN_EMPTY_BODY = YES;
				CLANG_WARN_ENUM_CONVERSION = YES;
				CLANG_WARN_INFINITE_RECURSION = YES;
				CLANG_WARN_INT_CONVERSION = YES;
				CLANG_WARN_OBJC_ROOT_CLASS = YES_ERROR;
				CLANG_WARN_SUSPICIOUS_MOVES = YES;
				CLANG_WARN_UNREACHABLE_CODE = YES;
				CLANG_WARN__DUPLICATE_METHOD_MATCH = YES;
				"CODE_SIGN_IDENTITY[sdk=iphoneos*]" = "iPhone Developer";
				COPY_PHASE_STRIP = NO;
				DEBUG_INFORMATION_FORMAT = "dwarf-with-dsym";
				ENABLE_NS_ASSERTIONS = NO;
				ENABLE_STRICT_OBJC_MSGSEND = YES;
				GCC_C_LANGUAGE_STANDARD = gnu99;
				GCC_NO_COMMON_BLOCKS = YES;
				GCC_WARN_64_TO_32_BIT_CONVERSION = YES;
				GCC_WARN_ABOUT_RETURN_TYPE = YES_ERROR;
				GCC_WARN_UNDECLARED_SELECTOR = YES;
				GCC_WARN_UNINITIALIZED_AUTOS = YES_AGGRESSIVE;
				GCC_WARN_UNUSED_FUNCTION = YES;
				GCC_WARN_UNUSED_VARIABLE = YES;
				IPHONEOS_DEPLOYMENT_TARGET = 8.1;
				MTL_ENABLE_DEBUG_INFO = NO;
				SDKROOT = iphoneos;
				VALIDATE_PRODUCT = YES;
			};
			name = Release;
		};
		BCE35C1B1DF6C28C00D9338E /* Debug */ = {
			isa = XCBuildConfiguration;
			baseConfigurationReference = 7870306BA7C0C7D7E3735CF9 /* Pods-TJPYingKe.debug.xcconfig */;
			buildSettings = {
				ASSETCATALOG_COMPILER_APPICON_NAME = AppIcon;
				ASSETCATALOG_COMPILER_LAUNCHIMAGE_NAME = LaunchImage;
				DEVELOPMENT_TEAM = NCWZ4MQF27;
				FRAMEWORK_SEARCH_PATHS = (
					"$(inherited)",
					"$(PROJECT_DIR)",
				);
				GCC_PREFIX_HEADER = TJPYingKe/Classes/Other/System/PrefixHeader.pch;
				INFOPLIST_FILE = TJPYingKe/Classes/Other/System/Info.plist;
				LD_RUNPATH_SEARCH_PATHS = "$(inherited) @executable_path/Frameworks";
				PRODUCT_BUNDLE_IDENTIFIER = com.walkman.www.TJPYingKe;
				PRODUCT_NAME = "$(TARGET_NAME)";
			};
			name = Debug;
		};
		BCE35C1C1DF6C28C00D9338E /* Release */ = {
			isa = XCBuildConfiguration;
			baseConfigurationReference = 1BEB8D0A6793600FBD65281F /* Pods-TJPYingKe.release.xcconfig */;
			buildSettings = {
				ASSETCATALOG_COMPILER_APPICON_NAME = AppIcon;
				ASSETCATALOG_COMPILER_LAUNCHIMAGE_NAME = LaunchImage;
				DEVELOPMENT_TEAM = NCWZ4MQF27;
				FRAMEWORK_SEARCH_PATHS = (
					"$(inherited)",
					"$(PROJECT_DIR)",
				);
				GCC_PREFIX_HEADER = TJPYingKe/Classes/Other/System/PrefixHeader.pch;
				INFOPLIST_FILE = TJPYingKe/Classes/Other/System/Info.plist;
				LD_RUNPATH_SEARCH_PATHS = "$(inherited) @executable_path/Frameworks";
				PRODUCT_BUNDLE_IDENTIFIER = com.walkman.www.TJPYingKe;
				PRODUCT_NAME = "$(TARGET_NAME)";
			};
			name = Release;
		};
		BCE35C1E1DF6C28C00D9338E /* Debug */ = {
			isa = XCBuildConfiguration;
			buildSettings = {
				BUNDLE_LOADER = "$(TEST_HOST)";
				INFOPLIST_FILE = TJPYingKeTests/Info.plist;
				LD_RUNPATH_SEARCH_PATHS = "$(inherited) @executable_path/Frameworks @loader_path/Frameworks";
				PRODUCT_BUNDLE_IDENTIFIER = com.walkman.www.TJPYingKeTests;
				PRODUCT_NAME = "$(TARGET_NAME)";
				TEST_HOST = "$(BUILT_PRODUCTS_DIR)/TJPYingKe.app/TJPYingKe";
			};
			name = Debug;
		};
		BCE35C1F1DF6C28C00D9338E /* Release */ = {
			isa = XCBuildConfiguration;
			buildSettings = {
				BUNDLE_LOADER = "$(TEST_HOST)";
				INFOPLIST_FILE = TJPYingKeTests/Info.plist;
				LD_RUNPATH_SEARCH_PATHS = "$(inherited) @executable_path/Frameworks @loader_path/Frameworks";
				PRODUCT_BUNDLE_IDENTIFIER = com.walkman.www.TJPYingKeTests;
				PRODUCT_NAME = "$(TARGET_NAME)";
				TEST_HOST = "$(BUILT_PRODUCTS_DIR)/TJPYingKe.app/TJPYingKe";
			};
			name = Release;
		};
		BCE35C211DF6C28C00D9338E /* Debug */ = {
			isa = XCBuildConfiguration;
			buildSettings = {
				INFOPLIST_FILE = TJPYingKeUITests/Info.plist;
				LD_RUNPATH_SEARCH_PATHS = "$(inherited) @executable_path/Frameworks @loader_path/Frameworks";
				PRODUCT_BUNDLE_IDENTIFIER = com.walkman.www.TJPYingKeUITests;
				PRODUCT_NAME = "$(TARGET_NAME)";
				TEST_TARGET_NAME = TJPYingKe;
			};
			name = Debug;
		};
		BCE35C221DF6C28C00D9338E /* Release */ = {
			isa = XCBuildConfiguration;
			buildSettings = {
				INFOPLIST_FILE = TJPYingKeUITests/Info.plist;
				LD_RUNPATH_SEARCH_PATHS = "$(inherited) @executable_path/Frameworks @loader_path/Frameworks";
				PRODUCT_BUNDLE_IDENTIFIER = com.walkman.www.TJPYingKeUITests;
				PRODUCT_NAME = "$(TARGET_NAME)";
				TEST_TARGET_NAME = TJPYingKe;
			};
			name = Release;
		};
/* End XCBuildConfiguration section */

/* Begin XCConfigurationList section */
		BCE35BE81DF6C28C00D9338E /* Build configuration list for PBXProject "TJPYingKe" */ = {
			isa = XCConfigurationList;
			buildConfigurations = (
				BCE35C181DF6C28C00D9338E /* Debug */,
				BCE35C191DF6C28C00D9338E /* Release */,
			);
			defaultConfigurationIsVisible = 0;
			defaultConfigurationName = Release;
		};
		BCE35C1A1DF6C28C00D9338E /* Build configuration list for PBXNativeTarget "TJPYingKe" */ = {
			isa = XCConfigurationList;
			buildConfigurations = (
				BCE35C1B1DF6C28C00D9338E /* Debug */,
				BCE35C1C1DF6C28C00D9338E /* Release */,
			);
			defaultConfigurationIsVisible = 0;
			defaultConfigurationName = Release;
		};
		BCE35C1D1DF6C28C00D9338E /* Build configuration list for PBXNativeTarget "TJPYingKeTests" */ = {
			isa = XCConfigurationList;
			buildConfigurations = (
				BCE35C1E1DF6C28C00D9338E /* Debug */,
				BCE35C1F1DF6C28C00D9338E /* Release */,
			);
			defaultConfigurationIsVisible = 0;
			defaultConfigurationName = Release;
		};
		BCE35C201DF6C28C00D9338E /* Build configuration list for PBXNativeTarget "TJPYingKeUITests" */ = {
			isa = XCConfigurationList;
			buildConfigurations = (
				BCE35C211DF6C28C00D9338E /* Debug */,
				BCE35C221DF6C28C00D9338E /* Release */,
			);
			defaultConfigurationIsVisible = 0;
			defaultConfigurationName = Release;
		};
/* End XCConfigurationList section */
	};
	rootObject = BCE35BE51DF6C28C00D9338E /* Project object */;
}
