// !$*UTF8*$!
{
	archiveVersion = 1;
	classes = {
	};
	objectVersion = 46;
	objects = {

/* Begin PBXBuildFile section */
		35EF59EB67C08DD9B9436809 /* Pods_TJPYingKe.framework in Frameworks */ = {isa = PBXBuildFile; fileRef = B2399D6919780BBCCE2B4188 /* Pods_TJPYingKe.framework */; };
		BC07AE261E0272B000071D75 /* TJPLivingRoomTopView.m in Sources */ = {isa = PBXBuildFile; fileRef = BC07AE251E0272B000071D75 /* TJPLivingRoomTopView.m */; };
		BC1053B61E039D8B00E8A564 /* TJPLiveRoomTopUserItem.m in Sources */ = {isa = PBXBuildFile; fileRef = BC1053B51E039D8B00E8A564 /* TJPLiveRoomTopUserItem.m */; };
		BC1053B91E03DB8200E8A564 /* TJPUserView.m in Sources */ = {isa = PBXBuildFile; fileRef = BC1053B81E03DB8200E8A564 /* TJPUserView.m */; };
		BC1053BB1E03DB9200E8A564 /* TJPUserView.xib in Resources */ = {isa = PBXBuildFile; fileRef = BC1053BA1E03DB9200E8A564 /* TJPUserView.xib */; };
		BC758FA81DF7B7E20053D188 /* TJPTabBarController.m in Sources */ = {isa = PBXBuildFile; fileRef = BC758FA71DF7B7E20053D188 /* TJPTabBarController.m */; };
		BC758FBC1DF7C03B0053D188 /* CALayer+PauseAimate.m in Sources */ = {isa = PBXBuildFile; fileRef = BC758FB31DF7C03B0053D188 /* CALayer+PauseAimate.m */; };
		BC758FBD1DF7C03B0053D188 /* UIImage+XMGImage.m in Sources */ = {isa = PBXBuildFile; fileRef = BC758FB51DF7C03B0053D188 /* UIImage+XMGImage.m */; };
		BC758FBF1DF7C03B0053D188 /* UITabBarItem+XHExtension.m in Sources */ = {isa = PBXBuildFile; fileRef = BC758FB91DF7C03B0053D188 /* UITabBarItem+XHExtension.m */; };
		BC758FC01DF7C03B0053D188 /* UIView+TJPExtension.m in Sources */ = {isa = PBXBuildFile; fileRef = BC758FBB1DF7C03B0053D188 /* UIView+TJPExtension.m */; };
		BC758FC31DF7C0680053D188 /* TJPNavigationController.m in Sources */ = {isa = PBXBuildFile; fileRef = BC758FC21DF7C0680053D188 /* TJPNavigationController.m */; };
		BC758FC61DF7C8570053D188 /* TJPTabBar.m in Sources */ = {isa = PBXBuildFile; fileRef = BC758FC51DF7C8570053D188 /* TJPTabBar.m */; };
		BC758FCC1DF7EF490053D188 /* TJPNavBar.m in Sources */ = {isa = PBXBuildFile; fileRef = BC758FCB1DF7EF490053D188 /* TJPNavBar.m */; };
		BC758FD21DF7F9480053D188 /* TJPMineViewController.m in Sources */ = {isa = PBXBuildFile; fileRef = BC758FD11DF7F9480053D188 /* TJPMineViewController.m */; };
		BC7CC0501DFE574400B3D201 /* UIImageView+XMGExtension.m in Sources */ = {isa = PBXBuildFile; fileRef = BC7CC04F1DFE574400B3D201 /* UIImageView+XMGExtension.m */; };
		BC9CD3231E013B0400F16CCD /* TJPLivingRoomController.m in Sources */ = {isa = PBXBuildFile; fileRef = BC9CD3221E013B0400F16CCD /* TJPLivingRoomController.m */; };
		BC9CD3261E013F0900F16CCD /* TJPLiveRoomFlowLayout.m in Sources */ = {isa = PBXBuildFile; fileRef = BC9CD3251E013F0900F16CCD /* TJPLiveRoomFlowLayout.m */; };
		BC9CD3291E01409100F16CCD /* TJPLivingRoomCell.m in Sources */ = {isa = PBXBuildFile; fileRef = BC9CD3281E01409100F16CCD /* TJPLivingRoomCell.m */; };
		BC9CD32B1E01427A00F16CCD /* AudioToolbox.framework in Frameworks */ = {isa = PBXBuildFile; fileRef = BC9CD32A1E01427A00F16CCD /* AudioToolbox.framework */; };
		BC9CD32D1E01428900F16CCD /* AVFoundation.framework in Frameworks */ = {isa = PBXBuildFile; fileRef = BC9CD32C1E01428900F16CCD /* AVFoundation.framework */; };
		BC9CD32F1E01429400F16CCD /* CoreMedia.framework in Frameworks */ = {isa = PBXBuildFile; fileRef = BC9CD32E1E01429400F16CCD /* CoreMedia.framework */; };
		BC9CD3311E01429F00F16CCD /* CoreVideo.framework in Frameworks */ = {isa = PBXBuildFile; fileRef = BC9CD3301E01429F00F16CCD /* CoreVideo.framework */; };
		BC9CD3331E0142AA00F16CCD /* libbz2.tbd in Frameworks */ = {isa = PBXBuildFile; fileRef = BC9CD3321E0142AA00F16CCD /* libbz2.tbd */; };
		BC9CD3351E0142B200F16CCD /* libz.tbd in Frameworks */ = {isa = PBXBuildFile; fileRef = BC9CD3341E0142B200F16CCD /* libz.tbd */; };
		BC9CD3371E0142BC00F16CCD /* MediaPlayer.framework in Frameworks */ = {isa = PBXBuildFile; fileRef = BC9CD3361E0142BC00F16CCD /* MediaPlayer.framework */; };
		BC9CD3391E0142CA00F16CCD /* MobileCoreServices.framework in Frameworks */ = {isa = PBXBuildFile; fileRef = BC9CD3381E0142CA00F16CCD /* MobileCoreServices.framework */; };
		BC9CD33B1E0142D600F16CCD /* OpenGLES.framework in Frameworks */ = {isa = PBXBuildFile; fileRef = BC9CD33A1E0142D600F16CCD /* OpenGLES.framework */; };
		BC9CD33D1E0142DF00F16CCD /* VideoToolbox.framework in Frameworks */ = {isa = PBXBuildFile; fileRef = BC9CD33C1E0142DF00F16CCD /* VideoToolbox.framework */; };
		BC9CD3421E01484400F16CCD /* UIImage+ImageEffects.m in Sources */ = {isa = PBXBuildFile; fileRef = BC9CD3411E01484400F16CCD /* UIImage+ImageEffects.m */; };
		BC9CD3451E014CFD00F16CCD /* TJPLivingRoomBottomView.m in Sources */ = {isa = PBXBuildFile; fileRef = BC9CD3441E014CFD00F16CCD /* TJPLivingRoomBottomView.m */; };
		BC9CD3471E014D1A00F16CCD /* TJPLivingRoomBottomView.xib in Resources */ = {isa = PBXBuildFile; fileRef = BC9CD3461E014D1A00F16CCD /* TJPLivingRoomBottomView.xib */; };
		BC9CD34A1E015A4200F16CCD /* DMHeartFlyView.m in Sources */ = {isa = PBXBuildFile; fileRef = BC9CD3491E015A4200F16CCD /* DMHeartFlyView.m */; };
		BCBC42A41DFAB7120028489C /* TJPSessionManager.m in Sources */ = {isa = PBXBuildFile; fileRef = BCBC42A31DFAB7120028489C /* TJPSessionManager.m */; };
		BCBC42A71DFABCB60028489C /* TJPHotLiveItem.m in Sources */ = {isa = PBXBuildFile; fileRef = BCBC42A61DFABCB60028489C /* TJPHotLiveItem.m */; };
		BCBC42AA1DFABD900028489C /* TJPCreatorItem.m in Sources */ = {isa = PBXBuildFile; fileRef = BCBC42A91DFABD900028489C /* TJPCreatorItem.m */; };
		BCBC42B11DFAC1150028489C /* TJPHotLiveItemCell.m in Sources */ = {isa = PBXBuildFile; fileRef = BCBC42AF1DFAC1150028489C /* TJPHotLiveItemCell.m */; };
		BCBC42B21DFAC1150028489C /* TJPHotLiveItemCell.xib in Resources */ = {isa = PBXBuildFile; fileRef = BCBC42B01DFAC1150028489C /* TJPHotLiveItemCell.xib */; };
		BCE35BFD1DF6C28C00D9338E /* Assets.xcassets in Resources */ = {isa = PBXBuildFile; fileRef = BCE35BFC1DF6C28C00D9338E /* Assets.xcassets */; };
		BCE35C001DF6C28C00D9338E /* LaunchScreen.storyboard in Resources */ = {isa = PBXBuildFile; fileRef = BCE35BFE1DF6C28C00D9338E /* LaunchScreen.storyboard */; };
		BCE35C0B1DF6C28C00D9338E /* TJPYingKeTests.m in Sources */ = {isa = PBXBuildFile; fileRef = BCE35C0A1DF6C28C00D9338E /* TJPYingKeTests.m */; };
		BCE35C161DF6C28C00D9338E /* TJPYingKeUITests.m in Sources */ = {isa = PBXBuildFile; fileRef = BCE35C151DF6C28C00D9338E /* TJPYingKeUITests.m */; };
		BCE35C361DF6C79600D9338E /* AppDelegate.m in Sources */ = {isa = PBXBuildFile; fileRef = BCE35C331DF6C79600D9338E /* AppDelegate.m */; };
		BCE35C371DF6C79600D9338E /* Info.plist in Resources */ = {isa = PBXBuildFile; fileRef = BCE35C341DF6C79600D9338E /* Info.plist */; };
		BCE35C381DF6C79600D9338E /* main.m in Sources */ = {isa = PBXBuildFile; fileRef = BCE35C351DF6C79600D9338E /* main.m */; };
		BCEFA1981DF91D2700BA93C0 /* TJPHomePageViewController.m in Sources */ = {isa = PBXBuildFile; fileRef = BCEFA1951DF91D2700BA93C0 /* TJPHomePageViewController.m */; };
		BCEFA19B1DF93A7C00BA93C0 /* TJPAttentionViewController.m in Sources */ = {isa = PBXBuildFile; fileRef = BCEFA19A1DF93A7C00BA93C0 /* TJPAttentionViewController.m */; };
		BCEFA19E1DF93A8900BA93C0 /* TJPHotViewController.m in Sources */ = {isa = PBXBuildFile; fileRef = BCEFA19D1DF93A8900BA93C0 /* TJPHotViewController.m */; };
		BCEFA1A11DF93A9A00BA93C0 /* TJPNearByViewController.m in Sources */ = {isa = PBXBuildFile; fileRef = BCEFA1A01DF93A9A00BA93C0 /* TJPNearByViewController.m */; };
		BCEFA1A41DF93ABA00BA93C0 /* TJPTalentViewController.m in Sources */ = {isa = PBXBuildFile; fileRef = BCEFA1A31DF93ABA00BA93C0 /* TJPTalentViewController.m */; };
		BCEFA1AA1DF9432700BA93C0 /* UIBarButtonItem+TJPItem.m in Sources */ = {isa = PBXBuildFile; fileRef = BCEFA1A91DF9432700BA93C0 /* UIBarButtonItem+TJPItem.m */; };
/* End PBXBuildFile section */

/* Begin PBXContainerItemProxy section */
		BCE35C071DF6C28C00D9338E /* PBXContainerItemProxy */ = {
			isa = PBXContainerItemProxy;
			containerPortal = BCE35BE51DF6C28C00D9338E /* Project object */;
			proxyType = 1;
			remoteGlobalIDString = BCE35BEC1DF6C28C00D9338E;
			remoteInfo = TJPYingKe;
		};
		BCE35C121DF6C28C00D9338E /* PBXContainerItemProxy */ = {
			isa = PBXContainerItemProxy;
			containerPortal = BCE35BE51DF6C28C00D9338E /* Project object */;
			proxyType = 1;
			remoteGlobalIDString = BCE35BEC1DF6C28C00D9338E;
			remoteInfo = TJPYingKe;
		};
/* End PBXContainerItemProxy section */

/* Begin PBXFileReference section */
		1BEB8D0A6793600FBD65281F /* Pods-TJPYingKe.release.xcconfig */ = {isa = PBXFileReference; includeInIndex = 1; lastKnownFileType = text.xcconfig; name = "Pods-TJPYingKe.release.xcconfig"; path = "Pods/Target Support Files/Pods-TJPYingKe/Pods-TJPYingKe.release.xcconfig"; sourceTree = "<group>"; };
		7870306BA7C0C7D7E3735CF9 /* Pods-TJPYingKe.debug.xcconfig */ = {isa = PBXFileReference; includeInIndex = 1; lastKnownFileType = text.xcconfig; name = "Pods-TJPYingKe.debug.xcconfig"; path = "Pods/Target Support Files/Pods-TJPYingKe/Pods-TJPYingKe.debug.xcconfig"; sourceTree = "<group>"; };
		B2399D6919780BBCCE2B4188 /* Pods_TJPYingKe.framework */ = {isa = PBXFileReference; explicitFileType = wrapper.framework; includeInIndex = 0; path = Pods_TJPYingKe.framework; sourceTree = BUILT_PRODUCTS_DIR; };
		BC07AE241E0272B000071D75 /* TJPLivingRoomTopView.h */ = {isa = PBXFileReference; fileEncoding = 4; lastKnownFileType = sourcecode.c.h; path = TJPLivingRoomTopView.h; sourceTree = "<group>"; };
		BC07AE251E0272B000071D75 /* TJPLivingRoomTopView.m */ = {isa = PBXFileReference; fileEncoding = 4; lastKnownFileType = sourcecode.c.objc; path = TJPLivingRoomTopView.m; sourceTree = "<group>"; };
		BC1053B41E039D8B00E8A564 /* TJPLiveRoomTopUserItem.h */ = {isa = PBXFileReference; fileEncoding = 4; lastKnownFileType = sourcecode.c.h; path = TJPLiveRoomTopUserItem.h; sourceTree = "<group>"; };
		BC1053B51E039D8B00E8A564 /* TJPLiveRoomTopUserItem.m */ = {isa = PBXFileReference; fileEncoding = 4; lastKnownFileType = sourcecode.c.objc; path = TJPLiveRoomTopUserItem.m; sourceTree = "<group>"; };
		BC1053B71E03DB8200E8A564 /* TJPUserView.h */ = {isa = PBXFileReference; fileEncoding = 4; lastKnownFileType = sourcecode.c.h; path = TJPUserView.h; sourceTree = "<group>"; };
		BC1053B81E03DB8200E8A564 /* TJPUserView.m */ = {isa = PBXFileReference; fileEncoding = 4; lastKnownFileType = sourcecode.c.objc; path = TJPUserView.m; sourceTree = "<group>"; };
		BC1053BA1E03DB9200E8A564 /* TJPUserView.xib */ = {isa = PBXFileReference; fileEncoding = 4; lastKnownFileType = file.xib; path = TJPUserView.xib; sourceTree = "<group>"; };
		BC758FA61DF7B7E20053D188 /* TJPTabBarController.h */ = {isa = PBXFileReference; fileEncoding = 4; lastKnownFileType = sourcecode.c.h; path = TJPTabBarController.h; sourceTree = "<group>"; };
		BC758FA71DF7B7E20053D188 /* TJPTabBarController.m */ = {isa = PBXFileReference; fileEncoding = 4; lastKnownFileType = sourcecode.c.objc; path = TJPTabBarController.m; sourceTree = "<group>"; };
		BC758FB21DF7C03B0053D188 /* CALayer+PauseAimate.h */ = {isa = PBXFileReference; fileEncoding = 4; lastKnownFileType = sourcecode.c.h; path = "CALayer+PauseAimate.h"; sourceTree = "<group>"; };
		BC758FB31DF7C03B0053D188 /* CALayer+PauseAimate.m */ = {isa = PBXFileReference; fileEncoding = 4; lastKnownFileType = sourcecode.c.objc; path = "CALayer+PauseAimate.m"; sourceTree = "<group>"; };
		BC758FB41DF7C03B0053D188 /* UIImage+XMGImage.h */ = {isa = PBXFileReference; fileEncoding = 4; lastKnownFileType = sourcecode.c.h; path = "UIImage+XMGImage.h"; sourceTree = "<group>"; };
		BC758FB51DF7C03B0053D188 /* UIImage+XMGImage.m */ = {isa = PBXFileReference; fileEncoding = 4; lastKnownFileType = sourcecode.c.objc; path = "UIImage+XMGImage.m"; sourceTree = "<group>"; };
		BC758FB81DF7C03B0053D188 /* UITabBarItem+XHExtension.h */ = {isa = PBXFileReference; fileEncoding = 4; lastKnownFileType = sourcecode.c.h; path = "UITabBarItem+XHExtension.h"; sourceTree = "<group>"; };
		BC758FB91DF7C03B0053D188 /* UITabBarItem+XHExtension.m */ = {isa = PBXFileReference; fileEncoding = 4; lastKnownFileType = sourcecode.c.objc; path = "UITabBarItem+XHExtension.m"; sourceTree = "<group>"; };
		BC758FBA1DF7C03B0053D188 /* UIView+TJPExtension.h */ = {isa = PBXFileReference; fileEncoding = 4; lastKnownFileType = sourcecode.c.h; path = "UIView+TJPExtension.h"; sourceTree = "<group>"; };
		BC758FBB1DF7C03B0053D188 /* UIView+TJPExtension.m */ = {isa = PBXFileReference; fileEncoding = 4; lastKnownFileType = sourcecode.c.objc; path = "UIView+TJPExtension.m"; sourceTree = "<group>"; };
		BC758FC11DF7C0680053D188 /* TJPNavigationController.h */ = {isa = PBXFileReference; fileEncoding = 4; lastKnownFileType = sourcecode.c.h; path = TJPNavigationController.h; sourceTree = "<group>"; };
		BC758FC21DF7C0680053D188 /* TJPNavigationController.m */ = {isa = PBXFileReference; fileEncoding = 4; lastKnownFileType = sourcecode.c.objc; path = TJPNavigationController.m; sourceTree = "<group>"; };
		BC758FC41DF7C8570053D188 /* TJPTabBar.h */ = {isa = PBXFileReference; fileEncoding = 4; lastKnownFileType = sourcecode.c.h; path = TJPTabBar.h; sourceTree = "<group>"; };
		BC758FC51DF7C8570053D188 /* TJPTabBar.m */ = {isa = PBXFileReference; fileEncoding = 4; lastKnownFileType = sourcecode.c.objc; path = TJPTabBar.m; sourceTree = "<group>"; };
		BC758FC81DF7D1B20053D188 /* PrefixHeader.pch */ = {isa = PBXFileReference; fileEncoding = 4; lastKnownFileType = sourcecode.c.h; path = PrefixHeader.pch; sourceTree = "<group>"; };
		BC758FC91DF7E9D50053D188 /* PublicHeader.h */ = {isa = PBXFileReference; fileEncoding = 4; lastKnownFileType = sourcecode.c.h; path = PublicHeader.h; sourceTree = "<group>"; };
		BC758FCA1DF7EF490053D188 /* TJPNavBar.h */ = {isa = PBXFileReference; fileEncoding = 4; lastKnownFileType = sourcecode.c.h; path = TJPNavBar.h; sourceTree = "<group>"; };
		BC758FCB1DF7EF490053D188 /* TJPNavBar.m */ = {isa = PBXFileReference; fileEncoding = 4; lastKnownFileType = sourcecode.c.objc; path = TJPNavBar.m; sourceTree = "<group>"; };
		BC758FD01DF7F9480053D188 /* TJPMineViewController.h */ = {isa = PBXFileReference; fileEncoding = 4; lastKnownFileType = sourcecode.c.h; path = TJPMineViewController.h; sourceTree = "<group>"; };
		BC758FD11DF7F9480053D188 /* TJPMineViewController.m */ = {isa = PBXFileReference; fileEncoding = 4; lastKnownFileType = sourcecode.c.objc; path = TJPMineViewController.m; sourceTree = "<group>"; };
		BC7CC04E1DFE574400B3D201 /* UIImageView+XMGExtension.h */ = {isa = PBXFileReference; fileEncoding = 4; lastKnownFileType = sourcecode.c.h; path = "UIImageView+XMGExtension.h"; sourceTree = "<group>"; };
		BC7CC04F1DFE574400B3D201 /* UIImageView+XMGExtension.m */ = {isa = PBXFileReference; fileEncoding = 4; lastKnownFileType = sourcecode.c.objc; path = "UIImageView+XMGExtension.m"; sourceTree = "<group>"; };
		BC9CD3211E013B0400F16CCD /* TJPLivingRoomController.h */ = {isa = PBXFileReference; fileEncoding = 4; lastKnownFileType = sourcecode.c.h; path = TJPLivingRoomController.h; sourceTree = "<group>"; };
		BC9CD3221E013B0400F16CCD /* TJPLivingRoomController.m */ = {isa = PBXFileReference; fileEncoding = 4; lastKnownFileType = sourcecode.c.objc; path = TJPLivingRoomController.m; sourceTree = "<group>"; };
		BC9CD3241E013F0900F16CCD /* TJPLiveRoomFlowLayout.h */ = {isa = PBXFileReference; fileEncoding = 4; lastKnownFileType = sourcecode.c.h; path = TJPLiveRoomFlowLayout.h; sourceTree = "<group>"; };
		BC9CD3251E013F0900F16CCD /* TJPLiveRoomFlowLayout.m */ = {isa = PBXFileReference; fileEncoding = 4; lastKnownFileType = sourcecode.c.objc; path = TJPLiveRoomFlowLayout.m; sourceTree = "<group>"; };
		BC9CD3271E01409100F16CCD /* TJPLivingRoomCell.h */ = {isa = PBXFileReference; fileEncoding = 4; lastKnownFileType = sourcecode.c.h; path = TJPLivingRoomCell.h; sourceTree = "<group>"; };
		BC9CD3281E01409100F16CCD /* TJPLivingRoomCell.m */ = {isa = PBXFileReference; fileEncoding = 4; lastKnownFileType = sourcecode.c.objc; path = TJPLivingRoomCell.m; sourceTree = "<group>"; };
		BC9CD32A1E01427A00F16CCD /* AudioToolbox.framework */ = {isa = PBXFileReference; lastKnownFileType = wrapper.framework; name = AudioToolbox.framework; path = System/Library/Frameworks/AudioToolbox.framework; sourceTree = SDKROOT; };
		BC9CD32C1E01428900F16CCD /* AVFoundation.framework */ = {isa = PBXFileReference; lastKnownFileType = wrapper.framework; name = AVFoundation.framework; path = System/Library/Frameworks/AVFoundation.framework; sourceTree = SDKROOT; };
		BC9CD32E1E01429400F16CCD /* CoreMedia.framework */ = {isa = PBXFileReference; lastKnownFileType = wrapper.framework; name = CoreMedia.framework; path = System/Library/Frameworks/CoreMedia.framework; sourceTree = SDKROOT; };
		BC9CD3301E01429F00F16CCD /* CoreVideo.framework */ = {isa = PBXFileReference; lastKnownFileType = wrapper.framework; name = CoreVideo.framework; path = System/Library/Frameworks/CoreVideo.framework; sourceTree = SDKROOT; };
		BC9CD3321E0142AA00F16CCD /* libbz2.tbd */ = {isa = PBXFileReference; lastKnownFileType = "sourcecode.text-based-dylib-definition"; name = libbz2.tbd; path = usr/lib/libbz2.tbd; sourceTree = SDKROOT; };
		BC9CD3341E0142B200F16CCD /* libz.tbd */ = {isa = PBXFileReference; lastKnownFileType = "sourcecode.text-based-dylib-definition"; name = libz.tbd; path = usr/lib/libz.tbd; sourceTree = SDKROOT; };
		BC9CD3361E0142BC00F16CCD /* MediaPlayer.framework */ = {isa = PBXFileReference; lastKnownFileType = wrapper.framework; name = MediaPlayer.framework; path = System/Library/Frameworks/MediaPlayer.framework; sourceTree = SDKROOT; };
		BC9CD3381E0142CA00F16CCD /* MobileCoreServices.framework */ = {isa = PBXFileReference; lastKnownFileType = wrapper.framework; name = MobileCoreServices.framework; path = System/Library/Frameworks/MobileCoreServices.framework; sourceTree = SDKROOT; };
		BC9CD33A1E0142D600F16CCD /* OpenGLES.framework */ = {isa = PBXFileReference; lastKnownFileType = wrapper.framework; name = OpenGLES.framework; path = System/Library/Frameworks/OpenGLES.framework; sourceTree = SDKROOT; };
		BC9CD33C1E0142DF00F16CCD /* VideoToolbox.framework */ = {isa = PBXFileReference; lastKnownFileType = wrapper.framework; name = VideoToolbox.framework; path = System/Library/Frameworks/VideoToolbox.framework; sourceTree = SDKROOT; };
		BC9CD3401E01484400F16CCD /* UIImage+ImageEffects.h */ = {isa = PBXFileReference; fileEncoding = 4; lastKnownFileType = sourcecode.c.h; path = "UIImage+ImageEffects.h"; sourceTree = "<group>"; };
		BC9CD3411E01484400F16CCD /* UIImage+ImageEffects.m */ = {isa = PBXFileReference; fileEncoding = 4; lastKnownFileType = sourcecode.c.objc; path = "UIImage+ImageEffects.m"; sourceTree = "<group>"; };
		BC9CD3431E014CFD00F16CCD /* TJPLivingRoomBottomView.h */ = {isa = PBXFileReference; fileEncoding = 4; lastKnownFileType = sourcecode.c.h; path = TJPLivingRoomBottomView.h; sourceTree = "<group>"; };
		BC9CD3441E014CFD00F16CCD /* TJPLivingRoomBottomView.m */ = {isa = PBXFileReference; fileEncoding = 4; lastKnownFileType = sourcecode.c.objc; path = TJPLivingRoomBottomView.m; sourceTree = "<group>"; };
		BC9CD3461E014D1A00F16CCD /* TJPLivingRoomBottomView.xib */ = {isa = PBXFileReference; fileEncoding = 4; lastKnownFileType = file.xib; path = TJPLivingRoomBottomView.xib; sourceTree = "<group>"; };
		BC9CD3481E015A4200F16CCD /* DMHeartFlyView.h */ = {isa = PBXFileReference; fileEncoding = 4; lastKnownFileType = sourcecode.c.h; path = DMHeartFlyView.h; sourceTree = "<group>"; };
		BC9CD3491E015A4200F16CCD /* DMHeartFlyView.m */ = {isa = PBXFileReference; fileEncoding = 4; lastKnownFileType = sourcecode.c.objc; path = DMHeartFlyView.m; sourceTree = "<group>"; };
		BCBC42A21DFAB7120028489C /* TJPSessionManager.h */ = {isa = PBXFileReference; fileEncoding = 4; lastKnownFileType = sourcecode.c.h; path = TJPSessionManager.h; sourceTree = "<group>"; };
		BCBC42A31DFAB7120028489C /* TJPSessionManager.m */ = {isa = PBXFileReference; fileEncoding = 4; lastKnownFileType = sourcecode.c.objc; path = TJPSessionManager.m; sourceTree = "<group>"; };
		BCBC42A51DFABCB60028489C /* TJPHotLiveItem.h */ = {isa = PBXFileReference; fileEncoding = 4; lastKnownFileType = sourcecode.c.h; path = TJPHotLiveItem.h; sourceTree = "<group>"; };
		BCBC42A61DFABCB60028489C /* TJPHotLiveItem.m */ = {isa = PBXFileReference; fileEncoding = 4; lastKnownFileType = sourcecode.c.objc; path = TJPHotLiveItem.m; sourceTree = "<group>"; };
		BCBC42A81DFABD900028489C /* TJPCreatorItem.h */ = {isa = PBXFileReference; fileEncoding = 4; lastKnownFileType = sourcecode.c.h; path = TJPCreatorItem.h; sourceTree = "<group>"; };
		BCBC42A91DFABD900028489C /* TJPCreatorItem.m */ = {isa = PBXFileReference; fileEncoding = 4; lastKnownFileType = sourcecode.c.objc; path = TJPCreatorItem.m; sourceTree = "<group>"; };
		BCBC42AE1DFAC1150028489C /* TJPHotLiveItemCell.h */ = {isa = PBXFileReference; fileEncoding = 4; lastKnownFileType = sourcecode.c.h; path = TJPHotLiveItemCell.h; sourceTree = "<group>"; };
		BCBC42AF1DFAC1150028489C /* TJPHotLiveItemCell.m */ = {isa = PBXFileReference; fileEncoding = 4; lastKnownFileType = sourcecode.c.objc; path = TJPHotLiveItemCell.m; sourceTree = "<group>"; };
		BCBC42B01DFAC1150028489C /* TJPHotLiveItemCell.xib */ = {isa = PBXFileReference; fileEncoding = 4; lastKnownFileType = file.xib; path = TJPHotLiveItemCell.xib; sourceTree = "<group>"; };
		BCE35BED1DF6C28C00D9338E /* TJPYingKe.app */ = {isa = PBXFileReference; explicitFileType = wrapper.application; includeInIndex = 0; path = TJPYingKe.app; sourceTree = BUILT_PRODUCTS_DIR; };
		BCE35BF11DF6C28C00D9338E /* main.m */ = {isa = PBXFileReference; lastKnownFileType = sourcecode.c.objc; path = main.m; sourceTree = "<group>"; };
		BCE35BFC1DF6C28C00D9338E /* Assets.xcassets */ = {isa = PBXFileReference; lastKnownFileType = folder.assetcatalog; path = Assets.xcassets; sourceTree = "<group>"; };
		BCE35BFF1DF6C28C00D9338E /* Base */ = {isa = PBXFileReference; lastKnownFileType = file.storyboard; name = Base; path = Base.lproj/LaunchScreen.storyboard; sourceTree = "<group>"; };
		BCE35C061DF6C28C00D9338E /* TJPYingKeTests.xctest */ = {isa = PBXFileReference; explicitFileType = wrapper.cfbundle; includeInIndex = 0; path = TJPYingKeTests.xctest; sourceTree = BUILT_PRODUCTS_DIR; };
		BCE35C0A1DF6C28C00D9338E /* TJPYingKeTests.m */ = {isa = PBXFileReference; lastKnownFileType = sourcecode.c.objc; path = TJPYingKeTests.m; sourceTree = "<group>"; };
		BCE35C0C1DF6C28C00D9338E /* Info.plist */ = {isa = PBXFileReference; lastKnownFileType = text.plist.xml; path = Info.plist; sourceTree = "<group>"; };
		BCE35C111DF6C28C00D9338E /* TJPYingKeUITests.xctest */ = {isa = PBXFileReference; explicitFileType = wrapper.cfbundle; includeInIndex = 0; path = TJPYingKeUITests.xctest; sourceTree = BUILT_PRODUCTS_DIR; };
		BCE35C151DF6C28C00D9338E /* TJPYingKeUITests.m */ = {isa = PBXFileReference; lastKnownFileType = sourcecode.c.objc; path = TJPYingKeUITests.m; sourceTree = "<group>"; };
		BCE35C171DF6C28C00D9338E /* Info.plist */ = {isa = PBXFileReference; lastKnownFileType = text.plist.xml; path = Info.plist; sourceTree = "<group>"; };
		BCE35C321DF6C79600D9338E /* AppDelegate.h */ = {isa = PBXFileReference; fileEncoding = 4; lastKnownFileType = sourcecode.c.h; path = AppDelegate.h; sourceTree = "<group>"; };
		BCE35C331DF6C79600D9338E /* AppDelegate.m */ = {isa = PBXFileReference; fileEncoding = 4; lastKnownFileType = sourcecode.c.objc; path = AppDelegate.m; sourceTree = "<group>"; };
		BCE35C341DF6C79600D9338E /* Info.plist */ = {isa = PBXFileReference; fileEncoding = 4; lastKnownFileType = text.plist.xml; path = Info.plist; sourceTree = "<group>"; };
		BCE35C351DF6C79600D9338E /* main.m */ = {isa = PBXFileReference; fileEncoding = 4; lastKnownFileType = sourcecode.c.objc; path = main.m; sourceTree = "<group>"; };
		BCEFA1941DF91D2700BA93C0 /* TJPHomePageViewController.h */ = {isa = PBXFileReference; fileEncoding = 4; lastKnownFileType = sourcecode.c.h; path = TJPHomePageViewController.h; sourceTree = "<group>"; };
		BCEFA1951DF91D2700BA93C0 /* TJPHomePageViewController.m */ = {isa = PBXFileReference; fileEncoding = 4; lastKnownFileType = sourcecode.c.objc; path = TJPHomePageViewController.m; sourceTree = "<group>"; };
		BCEFA1991DF93A7C00BA93C0 /* TJPAttentionViewController.h */ = {isa = PBXFileReference; fileEncoding = 4; lastKnownFileType = sourcecode.c.h; path = TJPAttentionViewController.h; sourceTree = "<group>"; };
		BCEFA19A1DF93A7C00BA93C0 /* TJPAttentionViewController.m */ = {isa = PBXFileReference; fileEncoding = 4; lastKnownFileType = sourcecode.c.objc; path = TJPAttentionViewController.m; sourceTree = "<group>"; };
		BCEFA19C1DF93A8900BA93C0 /* TJPHotViewController.h */ = {isa = PBXFileReference; fileEncoding = 4; lastKnownFileType = sourcecode.c.h; path = TJPHotViewController.h; sourceTree = "<group>"; };
		BCEFA19D1DF93A8900BA93C0 /* TJPHotViewController.m */ = {isa = PBXFileReference; fileEncoding = 4; lastKnownFileType = sourcecode.c.objc; path = TJPHotViewController.m; sourceTree = "<group>"; };
		BCEFA19F1DF93A9A00BA93C0 /* TJPNearByViewController.h */ = {isa = PBXFileReference; fileEncoding = 4; lastKnownFileType = sourcecode.c.h; path = TJPNearByViewController.h; sourceTree = "<group>"; };
		BCEFA1A01DF93A9A00BA93C0 /* TJPNearByViewController.m */ = {isa = PBXFileReference; fileEncoding = 4; lastKnownFileType = sourcecode.c.objc; path = TJPNearByViewController.m; sourceTree = "<group>"; };
		BCEFA1A21DF93ABA00BA93C0 /* TJPTalentViewController.h */ = {isa = PBXFileReference; fileEncoding = 4; lastKnownFileType = sourcecode.c.h; path = TJPTalentViewController.h; sourceTree = "<group>"; };
		BCEFA1A31DF93ABA00BA93C0 /* TJPTalentViewController.m */ = {isa = PBXFileReference; fileEncoding = 4; lastKnownFileType = sourcecode.c.objc; path = TJPTalentViewController.m; sourceTree = "<group>"; };
		BCEFA1A81DF9432600BA93C0 /* UIBarButtonItem+TJPItem.h */ = {isa = PBXFileReference; fileEncoding = 4; lastKnownFileType = sourcecode.c.h; path = "UIBarButtonItem+TJPItem.h"; sourceTree = "<group>"; };
		BCEFA1A91DF9432700BA93C0 /* UIBarButtonItem+TJPItem.m */ = {isa = PBXFileReference; fileEncoding = 4; lastKnownFileType = sourcecode.c.objc; path = "UIBarButtonItem+TJPItem.m"; sourceTree = "<group>"; };
/* End PBXFileReference section */

/* Begin PBXFrameworksBuildPhase section */
		BCE35BEA1DF6C28C00D9338E /* Frameworks */ = {
			isa = PBXFrameworksBuildPhase;
			buildActionMask = 2147483647;
			files = (
				BC9CD33D1E0142DF00F16CCD /* VideoToolbox.framework in Frameworks */,
				BC9CD33B1E0142D600F16CCD /* OpenGLES.framework in Frameworks */,
				BC9CD3391E0142CA00F16CCD /* MobileCoreServices.framework in Frameworks */,
				BC9CD3371E0142BC00F16CCD /* MediaPlayer.framework in Frameworks */,
				BC9CD3351E0142B200F16CCD /* libz.tbd in Frameworks */,
				BC9CD3331E0142AA00F16CCD /* libbz2.tbd in Frameworks */,
				BC9CD3311E01429F00F16CCD /* CoreVideo.framework in Frameworks */,
				BC9CD32F1E01429400F16CCD /* CoreMedia.framework in Frameworks */,
				BC9CD32D1E01428900F16CCD /* AVFoundation.framework in Frameworks */,
				BC9CD32B1E01427A00F16CCD /* AudioToolbox.framework in Frameworks */,
				35EF59EB67C08DD9B9436809 /* Pods_TJPYingKe.framework in Frameworks */,
			);
			runOnlyForDeploymentPostprocessing = 0;
		};
		BCE35C031DF6C28C00D9338E /* Frameworks */ = {
			isa = PBXFrameworksBuildPhase;
			buildActionMask = 2147483647;
			files = (
			);
			runOnlyForDeploymentPostprocessing = 0;
		};
		BCE35C0E1DF6C28C00D9338E /* Frameworks */ = {
			isa = PBXFrameworksBuildPhase;
			buildActionMask = 2147483647;
			files = (
			);
			runOnlyForDeploymentPostprocessing = 0;
		};
/* End PBXFrameworksBuildPhase section */

/* Begin PBXGroup section */
		3301655D2126D92536A925EA /* Pods */ = {
			isa = PBXGroup;
			children = (
				7870306BA7C0C7D7E3735CF9 /* Pods-TJPYingKe.debug.xcconfig */,
				1BEB8D0A6793600FBD65281F /* Pods-TJPYingKe.release.xcconfig */,
			);
			name = Pods;
			sourceTree = "<group>";
		};
		8334713A250D8425CEF28F79 /* Frameworks */ = {
			isa = PBXGroup;
			children = (
				BC9CD33C1E0142DF00F16CCD /* VideoToolbox.framework */,
				BC9CD33A1E0142D600F16CCD /* OpenGLES.framework */,
				BC9CD3381E0142CA00F16CCD /* MobileCoreServices.framework */,
				BC9CD3361E0142BC00F16CCD /* MediaPlayer.framework */,
				BC9CD3341E0142B200F16CCD /* libz.tbd */,
				BC9CD3321E0142AA00F16CCD /* libbz2.tbd */,
				BC9CD3301E01429F00F16CCD /* CoreVideo.framework */,
				BC9CD32E1E01429400F16CCD /* CoreMedia.framework */,
				BC9CD32C1E01428900F16CCD /* AVFoundation.framework */,
				BC9CD32A1E01427A00F16CCD /* AudioToolbox.framework */,
				B2399D6919780BBCCE2B4188 /* Pods_TJPYingKe.framework */,
			);
			name = Frameworks;
			sourceTree = "<group>";
		};
		BC758FB11DF7C03B0053D188 /* Category */ = {
			isa = PBXGroup;
			children = (
				BC9CD3401E01484400F16CCD /* UIImage+ImageEffects.h */,
				BC9CD3411E01484400F16CCD /* UIImage+ImageEffects.m */,
				BC758FB21DF7C03B0053D188 /* CALayer+PauseAimate.h */,
				BC758FB31DF7C03B0053D188 /* CALayer+PauseAimate.m */,
				BC7CC04E1DFE574400B3D201 /* UIImageView+XMGExtension.h */,
				BC7CC04F1DFE574400B3D201 /* UIImageView+XMGExtension.m */,
				BC758FB41DF7C03B0053D188 /* UIImage+XMGImage.h */,
				BC758FB51DF7C03B0053D188 /* UIImage+XMGImage.m */,
				BC758FB81DF7C03B0053D188 /* UITabBarItem+XHExtension.h */,
				BC758FB91DF7C03B0053D188 /* UITabBarItem+XHExtension.m */,
				BC758FBA1DF7C03B0053D188 /* UIView+TJPExtension.h */,
				BC758FBB1DF7C03B0053D188 /* UIView+TJPExtension.m */,
				BCEFA1A81DF9432600BA93C0 /* UIBarButtonItem+TJPItem.h */,
				BCEFA1A91DF9432700BA93C0 /* UIBarButtonItem+TJPItem.m */,
			);
			path = Category;
			sourceTree = "<group>";
		};
		BC9CD31E1E013AD200F16CCD /* Controller */ = {
			isa = PBXGroup;
			children = (
				BC9CD3211E013B0400F16CCD /* TJPLivingRoomController.h */,
				BC9CD3221E013B0400F16CCD /* TJPLivingRoomController.m */,
			);
			path = Controller;
			sourceTree = "<group>";
		};
		BC9CD31F1E013AD200F16CCD /* Model */ = {
			isa = PBXGroup;
			children = (
				BC1053B41E039D8B00E8A564 /* TJPLiveRoomTopUserItem.h */,
				BC1053B51E039D8B00E8A564 /* TJPLiveRoomTopUserItem.m */,
			);
			path = Model;
			sourceTree = "<group>";
		};
		BC9CD3201E013AD200F16CCD /* VIew */ = {
			isa = PBXGroup;
			children = (
				BC9CD3271E01409100F16CCD /* TJPLivingRoomCell.h */,
				BC9CD3281E01409100F16CCD /* TJPLivingRoomCell.m */,
				BC07AE241E0272B000071D75 /* TJPLivingRoomTopView.h */,
				BC07AE251E0272B000071D75 /* TJPLivingRoomTopView.m */,
				BC1053B71E03DB8200E8A564 /* TJPUserView.h */,
				BC1053B81E03DB8200E8A564 /* TJPUserView.m */,
				BC1053BA1E03DB9200E8A564 /* TJPUserView.xib */,
				BC9CD3431E014CFD00F16CCD /* TJPLivingRoomBottomView.h */,
				BC9CD3441E014CFD00F16CCD /* TJPLivingRoomBottomView.m */,
				BC9CD3461E014D1A00F16CCD /* TJPLivingRoomBottomView.xib */,
				BC9CD3241E013F0900F16CCD /* TJPLiveRoomFlowLayout.h */,
				BC9CD3251E013F0900F16CCD /* TJPLiveRoomFlowLayout.m */,
				BC9CD3481E015A4200F16CCD /* DMHeartFlyView.h */,
				BC9CD3491E015A4200F16CCD /* DMHeartFlyView.m */,
			);
			path = VIew;
			sourceTree = "<group>";
		};
		BCBC42A01DFAB6F00028489C /* Network */ = {
			isa = PBXGroup;
			children = (
				BCBC42A21DFAB7120028489C /* TJPSessionManager.h */,
				BCBC42A31DFAB7120028489C /* TJPSessionManager.m */,
			);
			path = Network;
			sourceTree = "<group>";
		};
		BCBC42A11DFAB6F00028489C /* Tool */ = {
			isa = PBXGroup;
			children = (
			);
			path = Tool;
			sourceTree = "<group>";
		};
		BCE35BE41DF6C28C00D9338E = {
			isa = PBXGroup;
			children = (
				BCE35BEF1DF6C28C00D9338E /* TJPYingKe */,
				BCE35C091DF6C28C00D9338E /* TJPYingKeTests */,
				BCE35C141DF6C28C00D9338E /* TJPYingKeUITests */,
				BCE35BEE1DF6C28C00D9338E /* Products */,
				3301655D2126D92536A925EA /* Pods */,
				8334713A250D8425CEF28F79 /* Frameworks */,
			);
			sourceTree = "<group>";
		};
		BCE35BEE1DF6C28C00D9338E /* Products */ = {
			isa = PBXGroup;
			children = (
				BCE35BED1DF6C28C00D9338E /* TJPYingKe.app */,
				BCE35C061DF6C28C00D9338E /* TJPYingKeTests.xctest */,
				BCE35C111DF6C28C00D9338E /* TJPYingKeUITests.xctest */,
			);
			name = Products;
			sourceTree = "<group>";
		};
		BCE35BEF1DF6C28C00D9338E /* TJPYingKe */ = {
			isa = PBXGroup;
			children = (
				BCE35C231DF6C79600D9338E /* Classes */,
				BCE35C391DF6C81B00D9338E /* Resource */,
				BCE35BF01DF6C28C00D9338E /* Supporting Files */,
			);
			path = TJPYingKe;
			sourceTree = "<group>";
		};
		BCE35BF01DF6C28C00D9338E /* Supporting Files */ = {
			isa = PBXGroup;
			children = (
				BCE35BF11DF6C28C00D9338E /* main.m */,
			);
			name = "Supporting Files";
			sourceTree = "<group>";
		};
		BCE35C091DF6C28C00D9338E /* TJPYingKeTests */ = {
			isa = PBXGroup;
			children = (
				BCE35C0A1DF6C28C00D9338E /* TJPYingKeTests.m */,
				BCE35C0C1DF6C28C00D9338E /* Info.plist */,
			);
			path = TJPYingKeTests;
			sourceTree = "<group>";
		};
		BCE35C141DF6C28C00D9338E /* TJPYingKeUITests */ = {
			isa = PBXGroup;
			children = (
				BCE35C151DF6C28C00D9338E /* TJPYingKeUITests.m */,
				BCE35C171DF6C28C00D9338E /* Info.plist */,
			);
			path = TJPYingKeUITests;
			sourceTree = "<group>";
		};
		BCE35C231DF6C79600D9338E /* Classes */ = {
			isa = PBXGroup;
			children = (
				BCE35C281DF6C79600D9338E /* Main */,
				BCEFA1921DF91D2700BA93C0 /* HomePage */,
				BCE35C241DF6C79600D9338E /* Living */,
				BCE35C2C1DF6C79600D9338E /* Mine */,
				BCE35C301DF6C79600D9338E /* Other */,
			);
			path = Classes;
			sourceTree = "<group>";
		};
		BCE35C241DF6C79600D9338E /* Living */ = {
			isa = PBXGroup;
			children = (
				BC9CD31E1E013AD200F16CCD /* Controller */,
				BC9CD3201E013AD200F16CCD /* VIew */,
				BC9CD31F1E013AD200F16CCD /* Model */,
			);
			path = Living;
			sourceTree = "<group>";
		};
		BCE35C281DF6C79600D9338E /* Main */ = {
			isa = PBXGroup;
			children = (
				BCE35C291DF6C79600D9338E /* Controller */,
				BCE35C2A1DF6C79600D9338E /* Model */,
				BCE35C2B1DF6C79600D9338E /* VIew */,
			);
			path = Main;
			sourceTree = "<group>";
		};
		BCE35C291DF6C79600D9338E /* Controller */ = {
			isa = PBXGroup;
			children = (
				BC758FA61DF7B7E20053D188 /* TJPTabBarController.h */,
				BC758FA71DF7B7E20053D188 /* TJPTabBarController.m */,
				BC758FC11DF7C0680053D188 /* TJPNavigationController.h */,
				BC758FC21DF7C0680053D188 /* TJPNavigationController.m */,
			);
			path = Controller;
			sourceTree = "<group>";
		};
		BCE35C2A1DF6C79600D9338E /* Model */ = {
			isa = PBXGroup;
			children = (
			);
			path = Model;
			sourceTree = "<group>";
		};
		BCE35C2B1DF6C79600D9338E /* VIew */ = {
			isa = PBXGroup;
			children = (
				BC758FC41DF7C8570053D188 /* TJPTabBar.h */,
				BC758FC51DF7C8570053D188 /* TJPTabBar.m */,
				BC758FCA1DF7EF490053D188 /* TJPNavBar.h */,
				BC758FCB1DF7EF490053D188 /* TJPNavBar.m */,
			);
			path = VIew;
			sourceTree = "<group>";
		};
		BCE35C2C1DF6C79600D9338E /* Mine */ = {
			isa = PBXGroup;
			children = (
				BCE35C2D1DF6C79600D9338E /* Controller */,
				BCE35C2E1DF6C79600D9338E /* Model */,
				BCE35C2F1DF6C79600D9338E /* VIew */,
			);
			path = Mine;
			sourceTree = "<group>";
		};
		BCE35C2D1DF6C79600D9338E /* Controller */ = {
			isa = PBXGroup;
			children = (
				BC758FD01DF7F9480053D188 /* TJPMineViewController.h */,
				BC758FD11DF7F9480053D188 /* TJPMineViewController.m */,
			);
			path = Controller;
			sourceTree = "<group>";
		};
		BCE35C2E1DF6C79600D9338E /* Model */ = {
			isa = PBXGroup;
			children = (
			);
			path = Model;
			sourceTree = "<group>";
		};
		BCE35C2F1DF6C79600D9338E /* VIew */ = {
			isa = PBXGroup;
			children = (
			);
			path = VIew;
			sourceTree = "<group>";
		};
		BCE35C301DF6C79600D9338E /* Other */ = {
			isa = PBXGroup;
			children = (
				BCBC42A01DFAB6F00028489C /* Network */,
				BCBC42A11DFAB6F00028489C /* Tool */,
				BC758FB11DF7C03B0053D188 /* Category */,
				BCE35C311DF6C79600D9338E /* System */,
			);
			path = Other;
			sourceTree = "<group>";
		};
		BCE35C311DF6C79600D9338E /* System */ = {
			isa = PBXGroup;
			children = (
				BCE35C321DF6C79600D9338E /* AppDelegate.h */,
				BCE35C331DF6C79600D9338E /* AppDelegate.m */,
				BC758FC91DF7E9D50053D188 /* PublicHeader.h */,
				BCE35C341DF6C79600D9338E /* Info.plist */,
				BCE35C351DF6C79600D9338E /* main.m */,
				BC758FC81DF7D1B20053D188 /* PrefixHeader.pch */,
			);
			path = System;
			sourceTree = "<group>";
		};
		BCE35C391DF6C81B00D9338E /* Resource */ = {
			isa = PBXGroup;
			children = (
				BCE35BFC1DF6C28C00D9338E /* Assets.xcassets */,
				BCE35BFE1DF6C28C00D9338E /* LaunchScreen.storyboard */,
			);
			name = Resource;
			sourceTree = "<group>";
		};
		BCEFA1921DF91D2700BA93C0 /* HomePage */ = {
			isa = PBXGroup;
			children = (
				BCEFA1931DF91D2700BA93C0 /* Controller */,
				BCEFA1961DF91D2700BA93C0 /* Model */,
				BCEFA1971DF91D2700BA93C0 /* VIew */,
			);
			path = HomePage;
			sourceTree = "<group>";
		};
		BCEFA1931DF91D2700BA93C0 /* Controller */ = {
			isa = PBXGroup;
			children = (
				BCEFA1941DF91D2700BA93C0 /* TJPHomePageViewController.h */,
				BCEFA1951DF91D2700BA93C0 /* TJPHomePageViewController.m */,
				BCEFA1991DF93A7C00BA93C0 /* TJPAttentionViewController.h */,
				BCEFA19A1DF93A7C00BA93C0 /* TJPAttentionViewController.m */,
				BCEFA19C1DF93A8900BA93C0 /* TJPHotViewController.h */,
				BCEFA19D1DF93A8900BA93C0 /* TJPHotViewController.m */,
				BCEFA19F1DF93A9A00BA93C0 /* TJPNearByViewController.h */,
				BCEFA1A01DF93A9A00BA93C0 /* TJPNearByViewController.m */,
				BCEFA1A21DF93ABA00BA93C0 /* TJPTalentViewController.h */,
				BCEFA1A31DF93ABA00BA93C0 /* TJPTalentViewController.m */,
			);
			path = Controller;
			sourceTree = "<group>";
		};
		BCEFA1961DF91D2700BA93C0 /* Model */ = {
			isa = PBXGroup;
			children = (
				BCBC42A51DFABCB60028489C /* TJPHotLiveItem.h */,
				BCBC42A61DFABCB60028489C /* TJPHotLiveItem.m */,
				BCBC42A81DFABD900028489C /* TJPCreatorItem.h */,
				BCBC42A91DFABD900028489C /* TJPCreatorItem.m */,
			);
			path = Model;
			sourceTree = "<group>";
		};
		BCEFA1971DF91D2700BA93C0 /* VIew */ = {
			isa = PBXGroup;
			children = (
				BCBC42AE1DFAC1150028489C /* TJPHotLiveItemCell.h */,
				BCBC42AF1DFAC1150028489C /* TJPHotLiveItemCell.m */,
				BCBC42B01DFAC1150028489C /* TJPHotLiveItemCell.xib */,
			);
			path = VIew;
			sourceTree = "<group>";
		};
/* End PBXGroup section */

/* Begin PBXNativeTarget section */
		BCE35BEC1DF6C28C00D9338E /* TJPYingKe */ = {
			isa = PBXNativeTarget;
			buildConfigurationList = BCE35C1A1DF6C28C00D9338E /* Build configuration list for PBXNativeTarget "TJPYingKe" */;
			buildPhases = (
				71A81931B279E34EA247BC01 /* [CP] Check Pods Manifest.lock */,
				BCE35BE91DF6C28C00D9338E /* Sources */,
				BCE35BEA1DF6C28C00D9338E /* Frameworks */,
				BCE35BEB1DF6C28C00D9338E /* Resources */,
				254E1B82F8E08FA0B6045E03 /* [CP] Embed Pods Frameworks */,
				5433CF4911CA35C582491581 /* [CP] Copy Pods Resources */,
			);
			buildRules = (
			);
			dependencies = (
			);
			name = TJPYingKe;
			productName = TJPYingKe;
			productReference = BCE35BED1DF6C28C00D9338E /* TJPYingKe.app */;
			productType = "com.apple.product-type.application";
		};
		BCE35C051DF6C28C00D9338E /* TJPYingKeTests */ = {
			isa = PBXNativeTarget;
			buildConfigurationList = BCE35C1D1DF6C28C00D9338E /* Build configuration list for PBXNativeTarget "TJPYingKeTests" */;
			buildPhases = (
				BCE35C021DF6C28C00D9338E /* Sources */,
				BCE35C031DF6C28C00D9338E /* Frameworks */,
				BCE35C041DF6C28C00D9338E /* Resources */,
			);
			buildRules = (
			);
			dependencies = (
				BCE35C081DF6C28C00D9338E /* PBXTargetDependency */,
			);
			name = TJPYingKeTests;
			productName = TJPYingKeTests;
			productReference = BCE35C061DF6C28C00D9338E /* TJPYingKeTests.xctest */;
			productType = "com.apple.product-type.bundle.unit-test";
		};
		BCE35C101DF6C28C00D9338E /* TJPYingKeUITests */ = {
			isa = PBXNativeTarget;
			buildConfigurationList = BCE35C201DF6C28C00D9338E /* Build configuration list for PBXNativeTarget "TJPYingKeUITests" */;
			buildPhases = (
				BCE35C0D1DF6C28C00D9338E /* Sources */,
				BCE35C0E1DF6C28C00D9338E /* Frameworks */,
				BCE35C0F1DF6C28C00D9338E /* Resources */,
			);
			buildRules = (
			);
			dependencies = (
				BCE35C131DF6C28C00D9338E /* PBXTargetDependency */,
			);
			name = TJPYingKeUITests;
			productName = TJPYingKeUITests;
			productReference = BCE35C111DF6C28C00D9338E /* TJPYingKeUITests.xctest */;
			productType = "com.apple.product-type.bundle.ui-testing";
		};
/* End PBXNativeTarget section */

/* Begin PBXProject section */
		BCE35BE51DF6C28C00D9338E /* Project object */ = {
			isa = PBXProject;
			attributes = {
				CLASSPREFIX = TJP;
				LastUpgradeCheck = 0810;
				ORGANIZATIONNAME = AaronTang;
				TargetAttributes = {
					BCE35BEC1DF6C28C00D9338E = {
						CreatedOnToolsVersion = 8.1;
						DevelopmentTeam = NCWZ4MQF27;
						ProvisioningStyle = Automatic;
					};
					BCE35C051DF6C28C00D9338E = {
						CreatedOnToolsVersion = 8.1;
						ProvisioningStyle = Automatic;
						TestTargetID = BCE35BEC1DF6C28C00D9338E;
					};
					BCE35C101DF6C28C00D9338E = {
						CreatedOnToolsVersion = 8.1;
						ProvisioningStyle = Automatic;
						TestTargetID = BCE35BEC1DF6C28C00D9338E;
					};
				};
			};
			buildConfigurationList = BCE35BE81DF6C28C00D9338E /* Build configuration list for PBXProject "TJPYingKe" */;
			compatibilityVersion = "Xcode 3.2";
			developmentRegion = English;
			hasScannedForEncodings = 0;
			knownRegions = (
				en,
				Base,
			);
			mainGroup = BCE35BE41DF6C28C00D9338E;
			productRefGroup = BCE35BEE1DF6C28C00D9338E /* Products */;
			projectDirPath = "";
			projectRoot = "";
			targets = (
				BCE35BEC1DF6C28C00D9338E /* TJPYingKe */,
				BCE35C051DF6C28C00D9338E /* TJPYingKeTests */,
				BCE35C101DF6C28C00D9338E /* TJPYingKeUITests */,
			);
		};
/* End PBXProject section */

/* Begin PBXResourcesBuildPhase section */
		BCE35BEB1DF6C28C00D9338E /* Resources */ = {
			isa = PBXResourcesBuildPhase;
			buildActionMask = 2147483647;
			files = (
				BCE35C001DF6C28C00D9338E /* LaunchScreen.storyboard in Resources */,
				BC9CD3471E014D1A00F16CCD /* TJPLivingRoomBottomView.xib in Resources */,
				BC1053BB1E03DB9200E8A564 /* TJPUserView.xib in Resources */,
				BCE35BFD1DF6C28C00D9338E /* Assets.xcassets in Resources */,
				BCE35C371DF6C79600D9338E /* Info.plist in Resources */,
				BCBC42B21DFAC1150028489C /* TJPHotLiveItemCell.xib in Resources */,
			);
			runOnlyForDeploymentPostprocessing = 0;
		};
		BCE35C041DF6C28C00D9338E /* Resources */ = {
			isa = PBXResourcesBuildPhase;
			buildActionMask = 2147483647;
			files = (
			);
			runOnlyForDeploymentPostprocessing = 0;
		};
		BCE35C0F1DF6C28C00D9338E /* Resources */ = {
			isa = PBXResourcesBuildPhase;
			buildActionMask = 2147483647;
			files = (
			);
			runOnlyForDeploymentPostprocessing = 0;
		};
/* End PBXResourcesBuildPhase section */

/* Begin PBXShellScriptBuildPhase section */
		254E1B82F8E08FA0B6045E03 /* [CP] Embed Pods Frameworks */ = {
			isa = PBXShellScriptBuildPhase;
			buildActionMask = 2147483647;
			files = (
			);
			inputPaths = (
			);
			name = "[CP] Embed Pods Frameworks";
			outputPaths = (
			);
			runOnlyForDeploymentPostprocessing = 0;
			shellPath = /bin/sh;
			shellScript = "\"${SRCROOT}/Pods/Target Support Files/Pods-TJPYingKe/Pods-TJPYingKe-frameworks.sh\"\n";
			showEnvVarsInLog = 0;
		};
		5433CF4911CA35C582491581 /* [CP] Copy Pods Resources */ = {
			isa = PBXShellScriptBuildPhase;
			buildActionMask = 2147483647;
			files = (
			);
			inputPaths = (
			);
			name = "[CP] Copy Pods Resources";
			outputPaths = (
			);
			runOnlyForDeploymentPostprocessing = 0;
			shellPath = /bin/sh;
			shellScript = "\"${SRCROOT}/Pods/Target Support Files/Pods-TJPYingKe/Pods-TJPYingKe-resources.sh\"\n";
			showEnvVarsInLog = 0;
		};
		71A81931B279E34EA247BC01 /* [CP] Check Pods Manifest.lock */ = {
			isa = PBXShellScriptBuildPhase;
			buildActionMask = 2147483647;
			files = (
			);
			inputPaths = (
			);
			name = "[CP] Check Pods Manifest.lock";
			outputPaths = (
			);
			runOnlyForDeploymentPostprocessing = 0;
			shellPath = /bin/sh;
			shellScript = "diff \"${PODS_ROOT}/../Podfile.lock\" \"${PODS_ROOT}/Manifest.lock\" > /dev/null\nif [ $? != 0 ] ; then\n    # print error to STDERR\n    echo \"error: The sandbox is not in sync with the Podfile.lock. Run 'pod install' or update your CocoaPods installation.\" >&2\n    exit 1\nfi\n";
			showEnvVarsInLog = 0;
		};
/* End PBXShellScriptBuildPhase section */

/* Begin PBXSourcesBuildPhase section */
		BCE35BE91DF6C28C00D9338E /* Sources */ = {
			isa = PBXSourcesBuildPhase;
			buildActionMask = 2147483647;
			files = (
				BCEFA19B1DF93A7C00BA93C0 /* TJPAttentionViewController.m in Sources */,
				BC758FC61DF7C8570053D188 /* TJPTabBar.m in Sources */,
				BCEFA1AA1DF9432700BA93C0 /* UIBarButtonItem+TJPItem.m in Sources */,
				BC07AE261E0272B000071D75 /* TJPLivingRoomTopView.m in Sources */,
				BC758FA81DF7B7E20053D188 /* TJPTabBarController.m in Sources */,
				BCBC42AA1DFABD900028489C /* TJPCreatorItem.m in Sources */,
				BC9CD3291E01409100F16CCD /* TJPLivingRoomCell.m in Sources */,
				BCE35C361DF6C79600D9338E /* AppDelegate.m in Sources */,
				BCEFA1A11DF93A9A00BA93C0 /* TJPNearByViewController.m in Sources */,
				BC758FC31DF7C0680053D188 /* TJPNavigationController.m in Sources */,
				BCE35C381DF6C79600D9338E /* main.m in Sources */,
				BC1053B91E03DB8200E8A564 /* TJPUserView.m in Sources */,
				BC9CD3261E013F0900F16CCD /* TJPLiveRoomFlowLayout.m in Sources */,
				BC7CC0501DFE574400B3D201 /* UIImageView+XMGExtension.m in Sources */,
				BC758FCC1DF7EF490053D188 /* TJPNavBar.m in Sources */,
				BCBC42A71DFABCB60028489C /* TJPHotLiveItem.m in Sources */,
				BC9CD3421E01484400F16CCD /* UIImage+ImageEffects.m in Sources */,
				BCBC42A41DFAB7120028489C /* TJPSessionManager.m in Sources */,
				BC758FBD1DF7C03B0053D188 /* UIImage+XMGImage.m in Sources */,
				BCEFA1A41DF93ABA00BA93C0 /* TJPTalentViewController.m in Sources */,
				BC758FD21DF7F9480053D188 /* TJPMineViewController.m in Sources */,
				BC9CD3451E014CFD00F16CCD /* TJPLivingRoomBottomView.m in Sources */,
				BC9CD3231E013B0400F16CCD /* TJPLivingRoomController.m in Sources */,
				BC758FBF1DF7C03B0053D188 /* UITabBarItem+XHExtension.m in Sources */,
				BCEFA1981DF91D2700BA93C0 /* TJPHomePageViewController.m in Sources */,
				BCEFA19E1DF93A8900BA93C0 /* TJPHotViewController.m in Sources */,
				BC1053B61E039D8B00E8A564 /* TJPLiveRoomTopUserItem.m in Sources */,
				BC758FBC1DF7C03B0053D188 /* CALayer+PauseAimate.m in Sources */,
				BC758FC01DF7C03B0053D188 /* UIView+TJPExtension.m in Sources */,
				BC9CD34A1E015A4200F16CCD /* DMHeartFlyView.m in Sources */,
				BCBC42B11DFAC1150028489C /* TJPHotLiveItemCell.m in Sources */,
			);
			runOnlyForDeploymentPostprocessing = 0;
		};
		BCE35C021DF6C28C00D9338E /* Sources */ = {
			isa = PBXSourcesBuildPhase;
			buildActionMask = 2147483647;
			files = (
				BCE35C0B1DF6C28C00D9338E /* TJPYingKeTests.m in Sources */,
			);
			runOnlyForDeploymentPostprocessing = 0;
		};
		BCE35C0D1DF6C28C00D9338E /* Sources */ = {
			isa = PBXSourcesBuildPhase;
			buildActionMask = 2147483647;
			files = (
				BCE35C161DF6C28C00D9338E /* TJPYingKeUITests.m in Sources */,
			);
			runOnlyForDeploymentPostprocessing = 0;
		};
/* End PBXSourcesBuildPhase section */

/* Begin PBXTargetDependency section */
		BCE35C081DF6C28C00D9338E /* PBXTargetDependency */ = {
			isa = PBXTargetDependency;
			target = BCE35BEC1DF6C28C00D9338E /* TJPYingKe */;
			targetProxy = BCE35C071DF6C28C00D9338E /* PBXContainerItemProxy */;
		};
		BCE35C131DF6C28C00D9338E /* PBXTargetDependency */ = {
			isa = PBXTargetDependency;
			target = BCE35BEC1DF6C28C00D9338E /* TJPYingKe */;
			targetProxy = BCE35C121DF6C28C00D9338E /* PBXContainerItemProxy */;
		};
/* End PBXTargetDependency section */

/* Begin PBXVariantGroup section */
		BCE35BFE1DF6C28C00D9338E /* LaunchScreen.storyboard */ = {
			isa = PBXVariantGroup;
			children = (
				BCE35BFF1DF6C28C00D9338E /* Base */,
			);
			name = LaunchScreen.storyboard;
			sourceTree = "<group>";
		};
/* End PBXVariantGroup section */

/* Begin XCBuildConfiguration section */
		BCE35C181DF6C28C00D9338E /* Debug */ = {
			isa = XCBuildConfiguration;
			buildSettings = {
				ALWAYS_SEARCH_USER_PATHS = NO;
				CLANG_ANALYZER_NONNULL = YES;
				CLANG_CXX_LANGUAGE_STANDARD = "gnu++0x";
				CLANG_CXX_LIBRARY = "libc++";
				CLANG_ENABLE_MODULES = YES;
				CLANG_ENABLE_OBJC_ARC = YES;
				CLANG_WARN_BOOL_CONVERSION = YES;
				CLANG_WARN_CONSTANT_CONVERSION = YES;
				CLANG_WARN_DIRECT_OBJC_ISA_USAGE = YES_ERROR;
				CLANG_WARN_DOCUMENTATION_COMMENTS = YES;
				CLANG_WARN_EMPTY_BODY = YES;
				CLANG_WARN_ENUM_CONVERSION = YES;
				CLANG_WARN_INFINITE_RECURSION = YES;
				CLANG_WARN_INT_CONVERSION = YES;
				CLANG_WARN_OBJC_ROOT_CLASS = YES_ERROR;
				CLANG_WARN_SUSPICIOUS_MOVES = YES;
				CLANG_WARN_UNREACHABLE_CODE = YES;
				CLANG_WARN__DUPLICATE_METHOD_MATCH = YES;
				"CODE_SIGN_IDENTITY[sdk=iphoneos*]" = "iPhone Developer";
				COPY_PHASE_STRIP = NO;
				DEBUG_INFORMATION_FORMAT = dwarf;
				ENABLE_STRICT_OBJC_MSGSEND = YES;
				ENABLE_TESTABILITY = YES;
				GCC_C_LANGUAGE_STANDARD = gnu99;
				GCC_DYNAMIC_NO_PIC = NO;
				GCC_NO_COMMON_BLOCKS = YES;
				GCC_OPTIMIZATION_LEVEL = 0;
				GCC_PREPROCESSOR_DEFINITIONS = (
					"DEBUG=1",
					"$(inherited)",
				);
				GCC_WARN_64_TO_32_BIT_CONVERSION = YES;
				GCC_WARN_ABOUT_RETURN_TYPE = YES_ERROR;
				GCC_WARN_UNDECLARED_SELECTOR = YES;
				GCC_WARN_UNINITIALIZED_AUTOS = YES_AGGRESSIVE;
				GCC_WARN_UNUSED_FUNCTION = YES;
				GCC_WARN_UNUSED_VARIABLE = YES;
				IPHONEOS_DEPLOYMENT_TARGET = 8.1;
				MTL_ENABLE_DEBUG_INFO = YES;
				ONLY_ACTIVE_ARCH = YES;
				SDKROOT = iphoneos;
			};
			name = Debug;
		};
		BCE35C191DF6C28C00D9338E /* Release */ = {
			isa = XCBuildConfiguration;
			buildSettings = {
				ALWAYS_SEARCH_USER_PATHS = NO;
				CLANG_ANALYZER_NONNULL = YES;
				CLANG_CXX_LANGUAGE_STANDARD = "gnu++0x";
				CLANG_CXX_LIBRARY = "libc++";
				CLANG_ENABLE_MODULES = YES;
				CLANG_ENABLE_OBJC_ARC = YES;
				CLANG_WARN_BOOL_CONVERSION = YES;
				CLANG_WARN_CONSTANT_CONVERSION = YES;
				CLANG_WARN_DIRECT_OBJC_ISA_USAGE = YES_ERROR;
				CLANG_WARN_DOCUMENTATION_COMMENTS = YES;
				CLANG_WARN_EMPTY_BODY = YES;
				CLANG_WARN_ENUM_CONVERSION = YES;
				CLANG_WARN_INFINITE_RECURSION = YES;
				CLANG_WARN_INT_CONVERSION = YES;
				CLANG_WARN_OBJC_ROOT_CLASS = YES_ERROR;
				CLANG_WARN_SUSPICIOUS_MOVES = YES;
				CLANG_WARN_UNREACHABLE_CODE = YES;
				CLANG_WARN__DUPLICATE_METHOD_MATCH = YES;
				"CODE_SIGN_IDENTITY[sdk=iphoneos*]" = "iPhone Developer";
				COPY_PHASE_STRIP = NO;
				DEBUG_INFORMATION_FORMAT = "dwarf-with-dsym";
				ENABLE_NS_ASSERTIONS = NO;
				ENABLE_STRICT_OBJC_MSGSEND = YES;
				GCC_C_LANGUAGE_STANDARD = gnu99;
				GCC_NO_COMMON_BLOCKS = YES;
				GCC_WARN_64_TO_32_BIT_CONVERSION = YES;
				GCC_WARN_ABOUT_RETURN_TYPE = YES_ERROR;
				GCC_WARN_UNDECLARED_SELECTOR = YES;
				GCC_WARN_UNINITIALIZED_AUTOS = YES_AGGRESSIVE;
				GCC_WARN_UNUSED_FUNCTION = YES;
				GCC_WARN_UNUSED_VARIABLE = YES;
				IPHONEOS_DEPLOYMENT_TARGET = 8.1;
				MTL_ENABLE_DEBUG_INFO = NO;
				SDKROOT = iphoneos;
				VALIDATE_PRODUCT = YES;
			};
			name = Release;
		};
		BCE35C1B1DF6C28C00D9338E /* Debug */ = {
			isa = XCBuildConfiguration;
			baseConfigurationReference = 7870306BA7C0C7D7E3735CF9 /* Pods-TJPYingKe.debug.xcconfig */;
			buildSettings = {
				ASSETCATALOG_COMPILER_APPICON_NAME = AppIcon;
				ASSETCATALOG_COMPILER_LAUNCHIMAGE_NAME = LaunchImage;
				DEVELOPMENT_TEAM = NCWZ4MQF27;
				FRAMEWORK_SEARCH_PATHS = (
					"$(inherited)",
					"$(PROJECT_DIR)",
				);
				GCC_PREFIX_HEADER = "/Users/walkman/Desktop/仿映客/TJPYingKe/TJPYingKe/TJPYingKe/Classes/Other/System/PrefixHeader.pch";
				INFOPLIST_FILE = "/Users/walkman/Desktop/仿映客/TJPYingKe/TJPYingKe/TJPYingKe/Classes/Other/System/Info.plist";
				LD_RUNPATH_SEARCH_PATHS = "$(inherited) @executable_path/Frameworks";
				PRODUCT_BUNDLE_IDENTIFIER = com.walkman.www.TJPYingKe;
				PRODUCT_NAME = "$(TARGET_NAME)";
			};
			name = Debug;
		};
		BCE35C1C1DF6C28C00D9338E /* Release */ = {
			isa = XCBuildConfiguration;
			baseConfigurationReference = 1BEB8D0A6793600FBD65281F /* Pods-TJPYingKe.release.xcconfig */;
			buildSettings = {
				ASSETCATALOG_COMPILER_APPICON_NAME = AppIcon;
				ASSETCATALOG_COMPILER_LAUNCHIMAGE_NAME = LaunchImage;
				DEVELOPMENT_TEAM = NCWZ4MQF27;
				FRAMEWORK_SEARCH_PATHS = (
					"$(inherited)",
					"$(PROJECT_DIR)",
				);
				GCC_PREFIX_HEADER = "/Users/walkman/Desktop/仿映客/TJPYingKe/TJPYingKe/TJPYingKe/Classes/Other/System/PrefixHeader.pch";
				INFOPLIST_FILE = "/Users/walkman/Desktop/仿映客/TJPYingKe/TJPYingKe/TJPYingKe/Classes/Other/System/Info.plist";
				LD_RUNPATH_SEARCH_PATHS = "$(inherited) @executable_path/Frameworks";
				PRODUCT_BUNDLE_IDENTIFIER = com.walkman.www.TJPYingKe;
				PRODUCT_NAME = "$(TARGET_NAME)";
			};
			name = Release;
		};
		BCE35C1E1DF6C28C00D9338E /* Debug */ = {
			isa = XCBuildConfiguration;
			buildSettings = {
				BUNDLE_LOADER = "$(TEST_HOST)";
				INFOPLIST_FILE = TJPYingKeTests/Info.plist;
				LD_RUNPATH_SEARCH_PATHS = "$(inherited) @executable_path/Frameworks @loader_path/Frameworks";
				PRODUCT_BUNDLE_IDENTIFIER = com.walkman.www.TJPYingKeTests;
				PRODUCT_NAME = "$(TARGET_NAME)";
				TEST_HOST = "$(BUILT_PRODUCTS_DIR)/TJPYingKe.app/TJPYingKe";
			};
			name = Debug;
		};
		BCE35C1F1DF6C28C00D9338E /* Release */ = {
			isa = XCBuildConfiguration;
			buildSettings = {
				BUNDLE_LOADER = "$(TEST_HOST)";
				INFOPLIST_FILE = TJPYingKeTests/Info.plist;
				LD_RUNPATH_SEARCH_PATHS = "$(inherited) @executable_path/Frameworks @loader_path/Frameworks";
				PRODUCT_BUNDLE_IDENTIFIER = com.walkman.www.TJPYingKeTests;
				PRODUCT_NAME = "$(TARGET_NAME)";
				TEST_HOST = "$(BUILT_PRODUCTS_DIR)/TJPYingKe.app/TJPYingKe";
			};
			name = Release;
		};
		BCE35C211DF6C28C00D9338E /* Debug */ = {
			isa = XCBuildConfiguration;
			buildSettings = {
				INFOPLIST_FILE = TJPYingKeUITests/Info.plist;
				LD_RUNPATH_SEARCH_PATHS = "$(inherited) @executable_path/Frameworks @loader_path/Frameworks";
				PRODUCT_BUNDLE_IDENTIFIER = com.walkman.www.TJPYingKeUITests;
				PRODUCT_NAME = "$(TARGET_NAME)";
				TEST_TARGET_NAME = TJPYingKe;
			};
			name = Debug;
		};
		BCE35C221DF6C28C00D9338E /* Release */ = {
			isa = XCBuildConfiguration;
			buildSettings = {
				INFOPLIST_FILE = TJPYingKeUITests/Info.plist;
				LD_RUNPATH_SEARCH_PATHS = "$(inherited) @executable_path/Frameworks @loader_path/Frameworks";
				PRODUCT_BUNDLE_IDENTIFIER = com.walkman.www.TJPYingKeUITests;
				PRODUCT_NAME = "$(TARGET_NAME)";
				TEST_TARGET_NAME = TJPYingKe;
			};
			name = Release;
		};
/* End XCBuildConfiguration section */

/* Begin XCConfigurationList section */
		BCE35BE81DF6C28C00D9338E /* Build configuration list for PBXProject "TJPYingKe" */ = {
			isa = XCConfigurationList;
			buildConfigurations = (
				BCE35C181DF6C28C00D9338E /* Debug */,
				BCE35C191DF6C28C00D9338E /* Release */,
			);
			defaultConfigurationIsVisible = 0;
			defaultConfigurationName = Release;
		};
		BCE35C1A1DF6C28C00D9338E /* Build configuration list for PBXNativeTarget "TJPYingKe" */ = {
			isa = XCConfigurationList;
			buildConfigurations = (
				BCE35C1B1DF6C28C00D9338E /* Debug */,
				BCE35C1C1DF6C28C00D9338E /* Release */,
			);
			defaultConfigurationIsVisible = 0;
			defaultConfigurationName = Release;
		};
		BCE35C1D1DF6C28C00D9338E /* Build configuration list for PBXNativeTarget "TJPYingKeTests" */ = {
			isa = XCConfigurationList;
			buildConfigurations = (
				BCE35C1E1DF6C28C00D9338E /* Debug */,
				BCE35C1F1DF6C28C00D9338E /* Release */,
			);
			defaultConfigurationIsVisible = 0;
			defaultConfigurationName = Release;
		};
		BCE35C201DF6C28C00D9338E /* Build configuration list for PBXNativeTarget "TJPYingKeUITests" */ = {
			isa = XCConfigurationList;
			buildConfigurations = (
				BCE35C211DF6C28C00D9338E /* Debug */,
				BCE35C221DF6C28C00D9338E /* Release */,
			);
			defaultConfigurationIsVisible = 0;
			defaultConfigurationName = Release;
		};
/* End XCConfigurationList section */
	};
	rootObject = BCE35BE51DF6C28C00D9338E /* Project object */;
}
